
Microsoft Visual Studio Solution File, Format Version 12.00
# Visual Studio 15
VisualStudioVersion = 15.8.28010.2016
MinimumVisualStudioVersion = 10.0.40219.1
Project("{FAE04EC0-301F-11D3-BF4B-00C04F79EFBC}") = "HoloHelloWorld", "HoloHelloWorld\HoloHelloWorld.csproj", "{13A45C13-3265-47B8-BC48-A553B569DF55}"
	ProjectSection(ProjectDependencies) = postProject
		{24FEBD79-0047-482F-9D8F-32BC412750C0} = {24FEBD79-0047-482F-9D8F-32BC412750C0}
		{392A82B4-EAF3-4E13-A84F-E63D33FA07FC} = {392A82B4-EAF3-4E13-A84F-E63D33FA07FC}
		{7251B880-C7DF-49F3-BE32-A4B8822D5173} = {7251B880-C7DF-49F3-BE32-A4B8822D5173}
		{407E36F7-4168-4D52-BED4-2D88E3F0C272} = {407E36F7-4168-4D52-BED4-2D88E3F0C272}
		{0DB608F7-B2CF-4321-8DA4-E665EBF1A15D} = {0DB608F7-B2CF-4321-8DA4-E665EBF1A15D}
		{CD969339-2344-47E6-96E1-DDEFFDAA6DE5} = {CD969339-2344-47E6-96E1-DDEFFDAA6DE5}
		{090F79B0-297A-4E8C-8ED9-1D2D556449A9} = {090F79B0-297A-4E8C-8ED9-1D2D556449A9}
		{722A6EDD-14D2-4F6F-88F1-26C2FDB7FD1B} = {722A6EDD-14D2-4F6F-88F1-26C2FDB7FD1B}
		{BEB5EC89-7582-4A0A-BAF7-B505EEEEA07C} = {BEB5EC89-7582-4A0A-BAF7-B505EEEEA07C}
		{834DBCE9-15D8-4BBA-B4B9-FADA5752A42D} = {834DBCE9-15D8-4BBA-B4B9-FADA5752A42D}
		{AB0F31E3-8836-43E1-AFCE-768ECD47F62E} = {AB0F31E3-8836-43E1-AFCE-768ECD47F62E}
		{D6EF6478-1705-4BE1-8EBD-62CA5FB1D963} = {D6EF6478-1705-4BE1-8EBD-62CA5FB1D963}
		{EE039017-68BD-4765-B346-E513D5A1F2D2} = {EE039017-68BD-4765-B346-E513D5A1F2D2}
		{0CE1A0A4-4B9A-4964-89C8-D879E3A153EA} = {0CE1A0A4-4B9A-4964-89C8-D879E3A153EA}
		{82E04E7C-1247-4D6F-B6CB-C895D090BDEC} = {82E04E7C-1247-4D6F-B6CB-C895D090BDEC}
		{2EE813F2-283E-4E2F-AD1A-49D69804B081} = {2EE813F2-283E-4E2F-AD1A-49D69804B081}
		{AD50E162-07EF-467D-9E62-2FDA3F019919} = {AD50E162-07EF-467D-9E62-2FDA3F019919}
		{1DDF738F-7ECF-4874-80F9-60E4CCE891CF} = {1DDF738F-7ECF-4874-80F9-60E4CCE891CF}
		{C44641FC-3D08-4CA3-9A0B-20B9073F8E9C} = {C44641FC-3D08-4CA3-9A0B-20B9073F8E9C}
		{180C9374-ACB9-492F-8904-B52B8AD8200E} = {180C9374-ACB9-492F-8904-B52B8AD8200E}
		{B64FF35D-5C10-46D5-A59B-665558A25AA8} = {B64FF35D-5C10-46D5-A59B-665558A25AA8}
		{8A45342F-EE0B-42A6-917B-E1B8D393F6BA} = {8A45342F-EE0B-42A6-917B-E1B8D393F6BA}
	EndProjectSection
EndProject
Project("{FAE04EC0-301F-11D3-BF4B-00C04F79EFBC}") = "Assembly-CSharp", "E:\Unity\UnityProjects\HoloHelloWorld\_App\GeneratedProjects\UWP\Assembly-CSharp\Assembly-CSharp.csproj", "{24FEBD79-0047-482F-9D8F-32BC412750C0}"
EndProject
Project("{FAE04EC0-301F-11D3-BF4B-00C04F79EFBC}") = "Microsoft.MixedReality.Toolkit.Providers.OpenVR", "E:\Unity\UnityProjects\HoloHelloWorld\_App\GeneratedProjects\UWP\Microsoft.MixedReality.Toolkit.Providers.OpenVR\Microsoft.MixedReality.Toolkit.Providers.OpenVR.csproj", "{392A82B4-EAF3-4E13-A84F-E63D33FA07FC}"
EndProject
Project("{FAE04EC0-301F-11D3-BF4B-00C04F79EFBC}") = "Microsoft.MixedReality.Toolkit.Examples", "E:\Unity\UnityProjects\HoloHelloWorld\_App\GeneratedProjects\UWP\Microsoft.MixedReality.Toolkit.Examples\Microsoft.MixedReality.Toolkit.Examples.csproj", "{7251B880-C7DF-49F3-BE32-A4B8822D5173}"
EndProject
Project("{FAE04EC0-301F-11D3-BF4B-00C04F79EFBC}") = "Microsoft.MixedReality.Toolkit", "E:\Unity\UnityProjects\HoloHelloWorld\_App\GeneratedProjects\UWP\Microsoft.MixedReality.Toolkit\Microsoft.MixedReality.Toolkit.csproj", "{407E36F7-4168-4D52-BED4-2D88E3F0C272}"
EndProject
Project("{FAE04EC0-301F-11D3-BF4B-00C04F79EFBC}") = "Microsoft.MixedReality.Toolkit.SDK", "E:\Unity\UnityProjects\HoloHelloWorld\_App\GeneratedProjects\UWP\Microsoft.MixedReality.Toolkit.SDK\Microsoft.MixedReality.Toolkit.SDK.csproj", "{0DB608F7-B2CF-4321-8DA4-E665EBF1A15D}"
EndProject
Project("{FAE04EC0-301F-11D3-BF4B-00C04F79EFBC}") = "Microsoft.MixedReality.Toolkit.Services.SpatialAwarenessSystem", "E:\Unity\UnityProjects\HoloHelloWorld\_App\GeneratedProjects\UWP\Microsoft.MixedReality.Toolkit.Services.SpatialAwarenessSystem\Microsoft.MixedReality.Toolkit.Services.SpatialAwarenessSystem.csproj", "{CD969339-2344-47E6-96E1-DDEFFDAA6DE5}"
EndProject
Project("{FAE04EC0-301F-11D3-BF4B-00C04F79EFBC}") = "Unity.TextMeshPro", "E:\Unity\UnityProjects\HoloHelloWorld\_App\GeneratedProjects\UWP\Unity.TextMeshPro\Unity.TextMeshPro.csproj", "{090F79B0-297A-4E8C-8ED9-1D2D556449A9}"
EndProject
Project("{FAE04EC0-301F-11D3-BF4B-00C04F79EFBC}") = "Microsoft.MixedReality.Toolkit.Utilities.Gltf", "E:\Unity\UnityProjects\HoloHelloWorld\_App\GeneratedProjects\UWP\Microsoft.MixedReality.Toolkit.Utilities.Gltf\Microsoft.MixedReality.Toolkit.Utilities.Gltf.csproj", "{722A6EDD-14D2-4F6F-88F1-26C2FDB7FD1B}"
EndProject
Project("{FAE04EC0-301F-11D3-BF4B-00C04F79EFBC}") = "Unity.Analytics.DataPrivacy", "E:\Unity\UnityProjects\HoloHelloWorld\_App\GeneratedProjects\UWP\Unity.Analytics.DataPrivacy\Unity.Analytics.DataPrivacy.csproj", "{BEB5EC89-7582-4A0A-BAF7-B505EEEEA07C}"
EndProject
Project("{FAE04EC0-301F-11D3-BF4B-00C04F79EFBC}") = "Microsoft.MixedReality.Toolkit.Services.InputSystem", "E:\Unity\UnityProjects\HoloHelloWorld\_App\GeneratedProjects\UWP\Microsoft.MixedReality.Toolkit.Services.InputSystem\Microsoft.MixedReality.Toolkit.Services.InputSystem.csproj", "{834DBCE9-15D8-4BBA-B4B9-FADA5752A42D}"
EndProject
Project("{FAE04EC0-301F-11D3-BF4B-00C04F79EFBC}") = "Microsoft.MixedReality.Toolkit.Services.InputSimulation", "E:\Unity\UnityProjects\HoloHelloWorld\_App\GeneratedProjects\UWP\Microsoft.MixedReality.Toolkit.Services.InputSimulation\Microsoft.MixedReality.Toolkit.Services.InputSimulation.csproj", "{AB0F31E3-8836-43E1-AFCE-768ECD47F62E}"
EndProject
Project("{FAE04EC0-301F-11D3-BF4B-00C04F79EFBC}") = "Unity.XR.WindowsMR", "E:\Unity\UnityProjects\HoloHelloWorld\_App\GeneratedProjects\UWP\Unity.XR.WindowsMR\Unity.XR.WindowsMR.csproj", "{D6EF6478-1705-4BE1-8EBD-62CA5FB1D963}"
EndProject
Project("{FAE04EC0-301F-11D3-BF4B-00C04F79EFBC}") = "Microsoft.MixedReality.Toolkit.Services.DiagnosticsSystem", "E:\Unity\UnityProjects\HoloHelloWorld\_App\GeneratedProjects\UWP\Microsoft.MixedReality.Toolkit.Services.DiagnosticsSystem\Microsoft.MixedReality.Toolkit.Services.DiagnosticsSystem.csproj", "{EE039017-68BD-4765-B346-E513D5A1F2D2}"
EndProject
Project("{FAE04EC0-301F-11D3-BF4B-00C04F79EFBC}") = "MixedRealityToolkit.Examples.Demos.Utilities.InspectorFields", "E:\Unity\UnityProjects\HoloHelloWorld\_App\GeneratedProjects\UWP\MixedRealityToolkit.Examples.Demos.Utilities.InspectorFields\MixedRealityToolkit.Examples.Demos.Utilities.InspectorFields.csproj", "{0CE1A0A4-4B9A-4964-89C8-D879E3A153EA}"
EndProject
Project("{FAE04EC0-301F-11D3-BF4B-00C04F79EFBC}") = "Microsoft.MixedReality.Toolkit.Core.Utilities.Async", "E:\Unity\UnityProjects\HoloHelloWorld\_App\GeneratedProjects\UWP\Microsoft.MixedReality.Toolkit.Core.Utilities.Async\Microsoft.MixedReality.Toolkit.Core.Utilities.Async.csproj", "{82E04E7C-1247-4D6F-B6CB-C895D090BDEC}"
EndProject
Project("{FAE04EC0-301F-11D3-BF4B-00C04F79EFBC}") = "Microsoft.MixedReality.Toolkit.Providers.WindowsMixedReality", "E:\Unity\UnityProjects\HoloHelloWorld\_App\GeneratedProjects\UWP\Microsoft.MixedReality.Toolkit.Providers.WindowsMixedReality\Microsoft.MixedReality.Toolkit.Providers.WindowsMixedReality.csproj", "{2EE813F2-283E-4E2F-AD1A-49D69804B081}"
EndProject
Project("{FAE04EC0-301F-11D3-BF4B-00C04F79EFBC}") = "Microsoft.MixedReality.Toolkit.Examples.Demos.Gltf", "E:\Unity\UnityProjects\HoloHelloWorld\_App\GeneratedProjects\UWP\Microsoft.MixedReality.Toolkit.Examples.Demos.Gltf\Microsoft.MixedReality.Toolkit.Examples.Demos.Gltf.csproj", "{AD50E162-07EF-467D-9E62-2FDA3F019919}"
EndProject
Project("{FAE04EC0-301F-11D3-BF4B-00C04F79EFBC}") = "Microsoft.MixedReality.Toolkit.Providers.WindowsVoiceInput", "E:\Unity\UnityProjects\HoloHelloWorld\_App\GeneratedProjects\UWP\Microsoft.MixedReality.Toolkit.Providers.WindowsVoiceInput\Microsoft.MixedReality.Toolkit.Providers.WindowsVoiceInput.csproj", "{1DDF738F-7ECF-4874-80F9-60E4CCE891CF}"
EndProject
Project("{FAE04EC0-301F-11D3-BF4B-00C04F79EFBC}") = "Microsoft.MixedReality.Toolkit.Services.TeleportSystem", "E:\Unity\UnityProjects\HoloHelloWorld\_App\GeneratedProjects\UWP\Microsoft.MixedReality.Toolkit.Services.TeleportSystem\Microsoft.MixedReality.Toolkit.Services.TeleportSystem.csproj", "{C44641FC-3D08-4CA3-9A0B-20B9073F8E9C}"
EndProject
Project("{FAE04EC0-301F-11D3-BF4B-00C04F79EFBC}") = "MixedRealityToolkit.Services.CameraSystem", "E:\Unity\UnityProjects\HoloHelloWorld\_App\GeneratedProjects\UWP\MixedRealityToolkit.Services.CameraSystem\MixedRealityToolkit.Services.CameraSystem.csproj", "{180C9374-ACB9-492F-8904-B52B8AD8200E}"
EndProject
Project("{FAE04EC0-301F-11D3-BF4B-00C04F79EFBC}") = "Microsoft.MixedReality.Toolkit.Services.BoundarySystem", "E:\Unity\UnityProjects\HoloHelloWorld\_App\GeneratedProjects\UWP\Microsoft.MixedReality.Toolkit.Services.BoundarySystem\Microsoft.MixedReality.Toolkit.Services.BoundarySystem.csproj", "{B64FF35D-5C10-46D5-A59B-665558A25AA8}"
EndProject
Project("{FAE04EC0-301F-11D3-BF4B-00C04F79EFBC}") = "MixedRealityToolkit.Examples.Demos.UX.Interactables", "E:\Unity\UnityProjects\HoloHelloWorld\_App\GeneratedProjects\UWP\MixedRealityToolkit.Examples.Demos.UX.Interactables\MixedRealityToolkit.Examples.Demos.UX.Interactables.csproj", "{8A45342F-EE0B-42A6-917B-E1B8D393F6BA}"
EndProject
Global
	GlobalSection(SolutionConfigurationPlatforms) = preSolution
		Debug|ARM = Debug|ARM
		Debug|x64 = Debug|x64
		Debug|x86 = Debug|x86
		Master|ARM = Master|ARM
		Master|x64 = Master|x64
		Master|x86 = Master|x86
		Release|ARM = Release|ARM
		Release|x64 = Release|x64
		Release|x86 = Release|x86
	EndGlobalSection
	GlobalSection(ProjectConfigurationPlatforms) = postSolution
		{13A45C13-3265-47B8-BC48-A553B569DF55}.Debug|ARM.ActiveCfg = Debug|ARM
		{13A45C13-3265-47B8-BC48-A553B569DF55}.Debug|ARM.Build.0 = Debug|ARM
		{13A45C13-3265-47B8-BC48-A553B569DF55}.Debug|ARM.Deploy.0 = Debug|ARM
		{13A45C13-3265-47B8-BC48-A553B569DF55}.Debug|x64.ActiveCfg = Debug|x64
		{13A45C13-3265-47B8-BC48-A553B569DF55}.Debug|x64.Build.0 = Debug|x64
		{13A45C13-3265-47B8-BC48-A553B569DF55}.Debug|x64.Deploy.0 = Debug|x64
		{13A45C13-3265-47B8-BC48-A553B569DF55}.Debug|x86.ActiveCfg = Debug|x86
		{13A45C13-3265-47B8-BC48-A553B569DF55}.Debug|x86.Build.0 = Debug|x86
		{13A45C13-3265-47B8-BC48-A553B569DF55}.Debug|x86.Deploy.0 = Debug|x86
		{13A45C13-3265-47B8-BC48-A553B569DF55}.Master|ARM.ActiveCfg = Master|ARM
		{13A45C13-3265-47B8-BC48-A553B569DF55}.Master|ARM.Build.0 = Master|ARM
		{13A45C13-3265-47B8-BC48-A553B569DF55}.Master|ARM.Deploy.0 = Master|ARM
		{13A45C13-3265-47B8-BC48-A553B569DF55}.Master|x64.ActiveCfg = Master|x64
		{13A45C13-3265-47B8-BC48-A553B569DF55}.Master|x64.Build.0 = Master|x64
		{13A45C13-3265-47B8-BC48-A553B569DF55}.Master|x64.Deploy.0 = Master|x64
		{13A45C13-3265-47B8-BC48-A553B569DF55}.Master|x86.ActiveCfg = Master|x86
		{13A45C13-3265-47B8-BC48-A553B569DF55}.Master|x86.Build.0 = Master|x86
		{13A45C13-3265-47B8-BC48-A553B569DF55}.Master|x86.Deploy.0 = Master|x86
		{13A45C13-3265-47B8-BC48-A553B569DF55}.Release|ARM.ActiveCfg = Release|ARM
		{13A45C13-3265-47B8-BC48-A553B569DF55}.Release|ARM.Build.0 = Release|ARM
		{13A45C13-3265-47B8-BC48-A553B569DF55}.Release|ARM.Deploy.0 = Release|ARM
		{13A45C13-3265-47B8-BC48-A553B569DF55}.Release|x64.ActiveCfg = Release|x64
		{13A45C13-3265-47B8-BC48-A553B569DF55}.Release|x64.Build.0 = Release|x64
		{13A45C13-3265-47B8-BC48-A553B569DF55}.Release|x64.Deploy.0 = Release|x64
		{13A45C13-3265-47B8-BC48-A553B569DF55}.Release|x86.ActiveCfg = Release|x86
		{13A45C13-3265-47B8-BC48-A553B569DF55}.Release|x86.Build.0 = Release|x86
		{13A45C13-3265-47B8-BC48-A553B569DF55}.Release|x86.Deploy.0 = Release|x86
		{24FEBD79-0047-482F-9D8F-32BC412750C0}.Debug|ARM.ActiveCfg = Debug|ARM
		{24FEBD79-0047-482F-9D8F-32BC412750C0}.Debug|ARM.Build.0 = Debug|ARM
		{24FEBD79-0047-482F-9D8F-32BC412750C0}.Debug|x64.ActiveCfg = Debug|x64
		{24FEBD79-0047-482F-9D8F-32BC412750C0}.Debug|x64.Build.0 = Debug|x64
		{24FEBD79-0047-482F-9D8F-32BC412750C0}.Debug|x86.ActiveCfg = Debug|x86
		{24FEBD79-0047-482F-9D8F-32BC412750C0}.Debug|x86.Build.0 = Debug|x86
		{24FEBD79-0047-482F-9D8F-32BC412750C0}.Master|ARM.ActiveCfg = Master|ARM
		{24FEBD79-0047-482F-9D8F-32BC412750C0}.Master|ARM.Build.0 = Master|ARM
		{24FEBD79-0047-482F-9D8F-32BC412750C0}.Master|x64.ActiveCfg = Master|x64
		{24FEBD79-0047-482F-9D8F-32BC412750C0}.Master|x64.Build.0 = Master|x64
		{24FEBD79-0047-482F-9D8F-32BC412750C0}.Master|x86.ActiveCfg = Master|x86
		{24FEBD79-0047-482F-9D8F-32BC412750C0}.Master|x86.Build.0 = Master|x86
		{24FEBD79-0047-482F-9D8F-32BC412750C0}.Release|ARM.ActiveCfg = Release|ARM
		{24FEBD79-0047-482F-9D8F-32BC412750C0}.Release|ARM.Build.0 = Release|ARM
		{24FEBD79-0047-482F-9D8F-32BC412750C0}.Release|x64.ActiveCfg = Release|x64
		{24FEBD79-0047-482F-9D8F-32BC412750C0}.Release|x64.Build.0 = Release|x64
		{24FEBD79-0047-482F-9D8F-32BC412750C0}.Release|x86.ActiveCfg = Release|x86
		{24FEBD79-0047-482F-9D8F-32BC412750C0}.Release|x86.Build.0 = Release|x86
		{392A82B4-EAF3-4E13-A84F-E63D33FA07FC}.Debug|ARM.ActiveCfg = Debug|ARM
		{392A82B4-EAF3-4E13-A84F-E63D33FA07FC}.Debug|ARM.Build.0 = Debug|ARM
		{392A82B4-EAF3-4E13-A84F-E63D33FA07FC}.Debug|x64.ActiveCfg = Debug|x64
		{392A82B4-EAF3-4E13-A84F-E63D33FA07FC}.Debug|x64.Build.0 = Debug|x64
		{392A82B4-EAF3-4E13-A84F-E63D33FA07FC}.Debug|x86.ActiveCfg = Debug|x86
		{392A82B4-EAF3-4E13-A84F-E63D33FA07FC}.Debug|x86.Build.0 = Debug|x86
		{392A82B4-EAF3-4E13-A84F-E63D33FA07FC}.Master|ARM.ActiveCfg = Master|ARM
		{392A82B4-EAF3-4E13-A84F-E63D33FA07FC}.Master|ARM.Build.0 = Master|ARM
		{392A82B4-EAF3-4E13-A84F-E63D33FA07FC}.Master|x64.ActiveCfg = Master|x64
		{392A82B4-EAF3-4E13-A84F-E63D33FA07FC}.Master|x64.Build.0 = Master|x64
		{392A82B4-EAF3-4E13-A84F-E63D33FA07FC}.Master|x86.ActiveCfg = Master|x86
		{392A82B4-EAF3-4E13-A84F-E63D33FA07FC}.Master|x86.Build.0 = Master|x86
		{392A82B4-EAF3-4E13-A84F-E63D33FA07FC}.Release|ARM.ActiveCfg = Release|ARM
		{392A82B4-EAF3-4E13-A84F-E63D33FA07FC}.Release|ARM.Build.0 = Release|ARM
		{392A82B4-EAF3-4E13-A84F-E63D33FA07FC}.Release|x64.ActiveCfg = Release|x64
		{392A82B4-EAF3-4E13-A84F-E63D33FA07FC}.Release|x64.Build.0 = Release|x64
		{392A82B4-EAF3-4E13-A84F-E63D33FA07FC}.Release|x86.ActiveCfg = Release|x86
		{392A82B4-EAF3-4E13-A84F-E63D33FA07FC}.Release|x86.Build.0 = Release|x86
		{7251B880-C7DF-49F3-BE32-A4B8822D5173}.Debug|ARM.ActiveCfg = Debug|ARM
		{7251B880-C7DF-49F3-BE32-A4B8822D5173}.Debug|ARM.Build.0 = Debug|ARM
		{7251B880-C7DF-49F3-BE32-A4B8822D5173}.Debug|x64.ActiveCfg = Debug|x64
		{7251B880-C7DF-49F3-BE32-A4B8822D5173}.Debug|x64.Build.0 = Debug|x64
		{7251B880-C7DF-49F3-BE32-A4B8822D5173}.Debug|x86.ActiveCfg = Debug|x86
		{7251B880-C7DF-49F3-BE32-A4B8822D5173}.Debug|x86.Build.0 = Debug|x86
		{7251B880-C7DF-49F3-BE32-A4B8822D5173}.Master|ARM.ActiveCfg = Master|ARM
		{7251B880-C7DF-49F3-BE32-A4B8822D5173}.Master|ARM.Build.0 = Master|ARM
		{7251B880-C7DF-49F3-BE32-A4B8822D5173}.Master|x64.ActiveCfg = Master|x64
		{7251B880-C7DF-49F3-BE32-A4B8822D5173}.Master|x64.Build.0 = Master|x64
		{7251B880-C7DF-49F3-BE32-A4B8822D5173}.Master|x86.ActiveCfg = Master|x86
		{7251B880-C7DF-49F3-BE32-A4B8822D5173}.Master|x86.Build.0 = Master|x86
		{7251B880-C7DF-49F3-BE32-A4B8822D5173}.Release|ARM.ActiveCfg = Release|ARM
		{7251B880-C7DF-49F3-BE32-A4B8822D5173}.Release|ARM.Build.0 = Release|ARM
		{7251B880-C7DF-49F3-BE32-A4B8822D5173}.Release|x64.ActiveCfg = Release|x64
		{7251B880-C7DF-49F3-BE32-A4B8822D5173}.Release|x64.Build.0 = Release|x64
		{7251B880-C7DF-49F3-BE32-A4B8822D5173}.Release|x86.ActiveCfg = Release|x86
		{7251B880-C7DF-49F3-BE32-A4B8822D5173}.Release|x86.Build.0 = Release|x86
		{407E36F7-4168-4D52-BED4-2D88E3F0C272}.Debug|ARM.ActiveCfg = Debug|ARM
		{407E36F7-4168-4D52-BED4-2D88E3F0C272}.Debug|ARM.Build.0 = Debug|ARM
		{407E36F7-4168-4D52-BED4-2D88E3F0C272}.Debug|x64.ActiveCfg = Debug|x64
		{407E36F7-4168-4D52-BED4-2D88E3F0C272}.Debug|x64.Build.0 = Debug|x64
		{407E36F7-4168-4D52-BED4-2D88E3F0C272}.Debug|x86.ActiveCfg = Debug|x86
		{407E36F7-4168-4D52-BED4-2D88E3F0C272}.Debug|x86.Build.0 = Debug|x86
		{407E36F7-4168-4D52-BED4-2D88E3F0C272}.Master|ARM.ActiveCfg = Master|ARM
		{407E36F7-4168-4D52-BED4-2D88E3F0C272}.Master|ARM.Build.0 = Master|ARM
		{407E36F7-4168-4D52-BED4-2D88E3F0C272}.Master|x64.ActiveCfg = Master|x64
		{407E36F7-4168-4D52-BED4-2D88E3F0C272}.Master|x64.Build.0 = Master|x64
		{407E36F7-4168-4D52-BED4-2D88E3F0C272}.Master|x86.ActiveCfg = Master|x86
		{407E36F7-4168-4D52-BED4-2D88E3F0C272}.Master|x86.Build.0 = Master|x86
		{407E36F7-4168-4D52-BED4-2D88E3F0C272}.Release|ARM.ActiveCfg = Release|ARM
		{407E36F7-4168-4D52-BED4-2D88E3F0C272}.Release|ARM.Build.0 = Release|ARM
		{407E36F7-4168-4D52-BED4-2D88E3F0C272}.Release|x64.ActiveCfg = Release|x64
		{407E36F7-4168-4D52-BED4-2D88E3F0C272}.Release|x64.Build.0 = Release|x64
		{407E36F7-4168-4D52-BED4-2D88E3F0C272}.Release|x86.ActiveCfg = Release|x86
		{407E36F7-4168-4D52-BED4-2D88E3F0C272}.Release|x86.Build.0 = Release|x86
		{0DB608F7-B2CF-4321-8DA4-E665EBF1A15D}.Debug|ARM.ActiveCfg = Debug|ARM
		{0DB608F7-B2CF-4321-8DA4-E665EBF1A15D}.Debug|ARM.Build.0 = Debug|ARM
		{0DB608F7-B2CF-4321-8DA4-E665EBF1A15D}.Debug|x64.ActiveCfg = Debug|x64
		{0DB608F7-B2CF-4321-8DA4-E665EBF1A15D}.Debug|x64.Build.0 = Debug|x64
		{0DB608F7-B2CF-4321-8DA4-E665EBF1A15D}.Debug|x86.ActiveCfg = Debug|x86
		{0DB608F7-B2CF-4321-8DA4-E665EBF1A15D}.Debug|x86.Build.0 = Debug|x86
		{0DB608F7-B2CF-4321-8DA4-E665EBF1A15D}.Master|ARM.ActiveCfg = Master|ARM
		{0DB608F7-B2CF-4321-8DA4-E665EBF1A15D}.Master|ARM.Build.0 = Master|ARM
		{0DB608F7-B2CF-4321-8DA4-E665EBF1A15D}.Master|x64.ActiveCfg = Master|x64
		{0DB608F7-B2CF-4321-8DA4-E665EBF1A15D}.Master|x64.Build.0 = Master|x64
		{0DB608F7-B2CF-4321-8DA4-E665EBF1A15D}.Master|x86.ActiveCfg = Master|x86
		{0DB608F7-B2CF-4321-8DA4-E665EBF1A15D}.Master|x86.Build.0 = Master|x86
		{0DB608F7-B2CF-4321-8DA4-E665EBF1A15D}.Release|ARM.ActiveCfg = Release|ARM
		{0DB608F7-B2CF-4321-8DA4-E665EBF1A15D}.Release|ARM.Build.0 = Release|ARM
		{0DB608F7-B2CF-4321-8DA4-E665EBF1A15D}.Release|x64.ActiveCfg = Release|x64
		{0DB608F7-B2CF-4321-8DA4-E665EBF1A15D}.Release|x64.Build.0 = Release|x64
		{0DB608F7-B2CF-4321-8DA4-E665EBF1A15D}.Release|x86.ActiveCfg = Release|x86
		{0DB608F7-B2CF-4321-8DA4-E665EBF1A15D}.Release|x86.Build.0 = Release|x86
		{CD969339-2344-47E6-96E1-DDEFFDAA6DE5}.Debug|ARM.ActiveCfg = Debug|ARM
		{CD969339-2344-47E6-96E1-DDEFFDAA6DE5}.Debug|ARM.Build.0 = Debug|ARM
		{CD969339-2344-47E6-96E1-DDEFFDAA6DE5}.Debug|x64.ActiveCfg = Debug|x64
		{CD969339-2344-47E6-96E1-DDEFFDAA6DE5}.Debug|x64.Build.0 = Debug|x64
		{CD969339-2344-47E6-96E1-DDEFFDAA6DE5}.Debug|x86.ActiveCfg = Debug|x86
		{CD969339-2344-47E6-96E1-DDEFFDAA6DE5}.Debug|x86.Build.0 = Debug|x86
		{CD969339-2344-47E6-96E1-DDEFFDAA6DE5}.Master|ARM.ActiveCfg = Master|ARM
		{CD969339-2344-47E6-96E1-DDEFFDAA6DE5}.Master|ARM.Build.0 = Master|ARM
		{CD969339-2344-47E6-96E1-DDEFFDAA6DE5}.Master|x64.ActiveCfg = Master|x64
		{CD969339-2344-47E6-96E1-DDEFFDAA6DE5}.Master|x64.Build.0 = Master|x64
		{CD969339-2344-47E6-96E1-DDEFFDAA6DE5}.Master|x86.ActiveCfg = Master|x86
		{CD969339-2344-47E6-96E1-DDEFFDAA6DE5}.Master|x86.Build.0 = Master|x86
		{CD969339-2344-47E6-96E1-DDEFFDAA6DE5}.Release|ARM.ActiveCfg = Release|ARM
		{CD969339-2344-47E6-96E1-DDEFFDAA6DE5}.Release|ARM.Build.0 = Release|ARM
		{CD969339-2344-47E6-96E1-DDEFFDAA6DE5}.Release|x64.ActiveCfg = Release|x64
		{CD969339-2344-47E6-96E1-DDEFFDAA6DE5}.Release|x64.Build.0 = Release|x64
		{CD969339-2344-47E6-96E1-DDEFFDAA6DE5}.Release|x86.ActiveCfg = Release|x86
		{CD969339-2344-47E6-96E1-DDEFFDAA6DE5}.Release|x86.Build.0 = Release|x86
		{090F79B0-297A-4E8C-8ED9-1D2D556449A9}.Debug|ARM.ActiveCfg = Debug|ARM
		{090F79B0-297A-4E8C-8ED9-1D2D556449A9}.Debug|ARM.Build.0 = Debug|ARM
		{090F79B0-297A-4E8C-8ED9-1D2D556449A9}.Debug|x64.ActiveCfg = Debug|x64
		{090F79B0-297A-4E8C-8ED9-1D2D556449A9}.Debug|x64.Build.0 = Debug|x64
		{090F79B0-297A-4E8C-8ED9-1D2D556449A9}.Debug|x86.ActiveCfg = Debug|x86
		{090F79B0-297A-4E8C-8ED9-1D2D556449A9}.Debug|x86.Build.0 = Debug|x86
		{090F79B0-297A-4E8C-8ED9-1D2D556449A9}.Master|ARM.ActiveCfg = Master|ARM
		{090F79B0-297A-4E8C-8ED9-1D2D556449A9}.Master|ARM.Build.0 = Master|ARM
		{090F79B0-297A-4E8C-8ED9-1D2D556449A9}.Master|x64.ActiveCfg = Master|x64
		{090F79B0-297A-4E8C-8ED9-1D2D556449A9}.Master|x64.Build.0 = Master|x64
		{090F79B0-297A-4E8C-8ED9-1D2D556449A9}.Master|x86.ActiveCfg = Master|x86
		{090F79B0-297A-4E8C-8ED9-1D2D556449A9}.Master|x86.Build.0 = Master|x86
		{090F79B0-297A-4E8C-8ED9-1D2D556449A9}.Release|ARM.ActiveCfg = Release|ARM
		{090F79B0-297A-4E8C-8ED9-1D2D556449A9}.Release|ARM.Build.0 = Release|ARM
		{090F79B0-297A-4E8C-8ED9-1D2D556449A9}.Release|x64.ActiveCfg = Release|x64
		{090F79B0-297A-4E8C-8ED9-1D2D556449A9}.Release|x64.Build.0 = Release|x64
		{090F79B0-297A-4E8C-8ED9-1D2D556449A9}.Release|x86.ActiveCfg = Release|x86
		{090F79B0-297A-4E8C-8ED9-1D2D556449A9}.Release|x86.Build.0 = Release|x86
		{722A6EDD-14D2-4F6F-88F1-26C2FDB7FD1B}.Debug|ARM.ActiveCfg = Debug|ARM
		{722A6EDD-14D2-4F6F-88F1-26C2FDB7FD1B}.Debug|ARM.Build.0 = Debug|ARM
		{722A6EDD-14D2-4F6F-88F1-26C2FDB7FD1B}.Debug|x64.ActiveCfg = Debug|x64
		{722A6EDD-14D2-4F6F-88F1-26C2FDB7FD1B}.Debug|x64.Build.0 = Debug|x64
		{722A6EDD-14D2-4F6F-88F1-26C2FDB7FD1B}.Debug|x86.ActiveCfg = Debug|x86
		{722A6EDD-14D2-4F6F-88F1-26C2FDB7FD1B}.Debug|x86.Build.0 = Debug|x86
		{722A6EDD-14D2-4F6F-88F1-26C2FDB7FD1B}.Master|ARM.ActiveCfg = Master|ARM
		{722A6EDD-14D2-4F6F-88F1-26C2FDB7FD1B}.Master|ARM.Build.0 = Master|ARM
		{722A6EDD-14D2-4F6F-88F1-26C2FDB7FD1B}.Master|x64.ActiveCfg = Master|x64
		{722A6EDD-14D2-4F6F-88F1-26C2FDB7FD1B}.Master|x64.Build.0 = Master|x64
		{722A6EDD-14D2-4F6F-88F1-26C2FDB7FD1B}.Master|x86.ActiveCfg = Master|x86
		{722A6EDD-14D2-4F6F-88F1-26C2FDB7FD1B}.Master|x86.Build.0 = Master|x86
		{722A6EDD-14D2-4F6F-88F1-26C2FDB7FD1B}.Release|ARM.ActiveCfg = Release|ARM
		{722A6EDD-14D2-4F6F-88F1-26C2FDB7FD1B}.Release|ARM.Build.0 = Release|ARM
		{722A6EDD-14D2-4F6F-88F1-26C2FDB7FD1B}.Release|x64.ActiveCfg = Release|x64
		{722A6EDD-14D2-4F6F-88F1-26C2FDB7FD1B}.Release|x64.Build.0 = Release|x64
		{722A6EDD-14D2-4F6F-88F1-26C2FDB7FD1B}.Release|x86.ActiveCfg = Release|x86
		{722A6EDD-14D2-4F6F-88F1-26C2FDB7FD1B}.Release|x86.Build.0 = Release|x86
		{BEB5EC89-7582-4A0A-BAF7-B505EEEEA07C}.Debug|ARM.ActiveCfg = Debug|ARM
		{BEB5EC89-7582-4A0A-BAF7-B505EEEEA07C}.Debug|ARM.Build.0 = Debug|ARM
		{BEB5EC89-7582-4A0A-BAF7-B505EEEEA07C}.Debug|x64.ActiveCfg = Debug|x64
		{BEB5EC89-7582-4A0A-BAF7-B505EEEEA07C}.Debug|x64.Build.0 = Debug|x64
		{BEB5EC89-7582-4A0A-BAF7-B505EEEEA07C}.Debug|x86.ActiveCfg = Debug|x86
		{BEB5EC89-7582-4A0A-BAF7-B505EEEEA07C}.Debug|x86.Build.0 = Debug|x86
		{BEB5EC89-7582-4A0A-BAF7-B505EEEEA07C}.Master|ARM.ActiveCfg = Master|ARM
		{BEB5EC89-7582-4A0A-BAF7-B505EEEEA07C}.Master|ARM.Build.0 = Master|ARM
		{BEB5EC89-7582-4A0A-BAF7-B505EEEEA07C}.Master|x64.ActiveCfg = Master|x64
		{BEB5EC89-7582-4A0A-BAF7-B505EEEEA07C}.Master|x64.Build.0 = Master|x64
		{BEB5EC89-7582-4A0A-BAF7-B505EEEEA07C}.Master|x86.ActiveCfg = Master|x86
		{BEB5EC89-7582-4A0A-BAF7-B505EEEEA07C}.Master|x86.Build.0 = Master|x86
		{BEB5EC89-7582-4A0A-BAF7-B505EEEEA07C}.Release|ARM.ActiveCfg = Release|ARM
		{BEB5EC89-7582-4A0A-BAF7-B505EEEEA07C}.Release|ARM.Build.0 = Release|ARM
		{BEB5EC89-7582-4A0A-BAF7-B505EEEEA07C}.Release|x64.ActiveCfg = Release|x64
		{BEB5EC89-7582-4A0A-BAF7-B505EEEEA07C}.Release|x64.Build.0 = Release|x64
		{BEB5EC89-7582-4A0A-BAF7-B505EEEEA07C}.Release|x86.ActiveCfg = Release|x86
		{BEB5EC89-7582-4A0A-BAF7-B505EEEEA07C}.Release|x86.Build.0 = Release|x86
		{834DBCE9-15D8-4BBA-B4B9-FADA5752A42D}.Debug|ARM.ActiveCfg = Debug|ARM
		{834DBCE9-15D8-4BBA-B4B9-FADA5752A42D}.Debug|ARM.Build.0 = Debug|ARM
		{834DBCE9-15D8-4BBA-B4B9-FADA5752A42D}.Debug|x64.ActiveCfg = Debug|x64
		{834DBCE9-15D8-4BBA-B4B9-FADA5752A42D}.Debug|x64.Build.0 = Debug|x64
		{834DBCE9-15D8-4BBA-B4B9-FADA5752A42D}.Debug|x86.ActiveCfg = Debug|x86
		{834DBCE9-15D8-4BBA-B4B9-FADA5752A42D}.Debug|x86.Build.0 = Debug|x86
		{834DBCE9-15D8-4BBA-B4B9-FADA5752A42D}.Master|ARM.ActiveCfg = Master|ARM
		{834DBCE9-15D8-4BBA-B4B9-FADA5752A42D}.Master|ARM.Build.0 = Master|ARM
		{834DBCE9-15D8-4BBA-B4B9-FADA5752A42D}.Master|x64.ActiveCfg = Master|x64
		{834DBCE9-15D8-4BBA-B4B9-FADA5752A42D}.Master|x64.Build.0 = Master|x64
		{834DBCE9-15D8-4BBA-B4B9-FADA5752A42D}.Master|x86.ActiveCfg = Master|x86
		{834DBCE9-15D8-4BBA-B4B9-FADA5752A42D}.Master|x86.Build.0 = Master|x86
		{834DBCE9-15D8-4BBA-B4B9-FADA5752A42D}.Release|ARM.ActiveCfg = Release|ARM
		{834DBCE9-15D8-4BBA-B4B9-FADA5752A42D}.Release|ARM.Build.0 = Release|ARM
		{834DBCE9-15D8-4BBA-B4B9-FADA5752A42D}.Release|x64.ActiveCfg = Release|x64
		{834DBCE9-15D8-4BBA-B4B9-FADA5752A42D}.Release|x64.Build.0 = Release|x64
		{834DBCE9-15D8-4BBA-B4B9-FADA5752A42D}.Release|x86.ActiveCfg = Release|x86
		{834DBCE9-15D8-4BBA-B4B9-FADA5752A42D}.Release|x86.Build.0 = Release|x86
		{AB0F31E3-8836-43E1-AFCE-768ECD47F62E}.Debug|ARM.ActiveCfg = Debug|ARM
		{AB0F31E3-8836-43E1-AFCE-768ECD47F62E}.Debug|ARM.Build.0 = Debug|ARM
		{AB0F31E3-8836-43E1-AFCE-768ECD47F62E}.Debug|x64.ActiveCfg = Debug|x64
		{AB0F31E3-8836-43E1-AFCE-768ECD47F62E}.Debug|x64.Build.0 = Debug|x64
		{AB0F31E3-8836-43E1-AFCE-768ECD47F62E}.Debug|x86.ActiveCfg = Debug|x86
		{AB0F31E3-8836-43E1-AFCE-768ECD47F62E}.Debug|x86.Build.0 = Debug|x86
		{AB0F31E3-8836-43E1-AFCE-768ECD47F62E}.Master|ARM.ActiveCfg = Master|ARM
		{AB0F31E3-8836-43E1-AFCE-768ECD47F62E}.Master|ARM.Build.0 = Master|ARM
		{AB0F31E3-8836-43E1-AFCE-768ECD47F62E}.Master|x64.ActiveCfg = Master|x64
		{AB0F31E3-8836-43E1-AFCE-768ECD47F62E}.Master|x64.Build.0 = Master|x64
		{AB0F31E3-8836-43E1-AFCE-768ECD47F62E}.Master|x86.ActiveCfg = Master|x86
		{AB0F31E3-8836-43E1-AFCE-768ECD47F62E}.Master|x86.Build.0 = Master|x86
		{AB0F31E3-8836-43E1-AFCE-768ECD47F62E}.Release|ARM.ActiveCfg = Release|ARM
		{AB0F31E3-8836-43E1-AFCE-768ECD47F62E}.Release|ARM.Build.0 = Release|ARM
		{AB0F31E3-8836-43E1-AFCE-768ECD47F62E}.Release|x64.ActiveCfg = Release|x64
		{AB0F31E3-8836-43E1-AFCE-768ECD47F62E}.Release|x64.Build.0 = Release|x64
		{AB0F31E3-8836-43E1-AFCE-768ECD47F62E}.Release|x86.ActiveCfg = Release|x86
		{AB0F31E3-8836-43E1-AFCE-768ECD47F62E}.Release|x86.Build.0 = Release|x86
		{D6EF6478-1705-4BE1-8EBD-62CA5FB1D963}.Debug|ARM.ActiveCfg = Debug|ARM
		{D6EF6478-1705-4BE1-8EBD-62CA5FB1D963}.Debug|ARM.Build.0 = Debug|ARM
		{D6EF6478-1705-4BE1-8EBD-62CA5FB1D963}.Debug|x64.ActiveCfg = Debug|x64
		{D6EF6478-1705-4BE1-8EBD-62CA5FB1D963}.Debug|x64.Build.0 = Debug|x64
		{D6EF6478-1705-4BE1-8EBD-62CA5FB1D963}.Debug|x86.ActiveCfg = Debug|x86
		{D6EF6478-1705-4BE1-8EBD-62CA5FB1D963}.Debug|x86.Build.0 = Debug|x86
		{D6EF6478-1705-4BE1-8EBD-62CA5FB1D963}.Master|ARM.ActiveCfg = Master|ARM
		{D6EF6478-1705-4BE1-8EBD-62CA5FB1D963}.Master|ARM.Build.0 = Master|ARM
		{D6EF6478-1705-4BE1-8EBD-62CA5FB1D963}.Master|x64.ActiveCfg = Master|x64
		{D6EF6478-1705-4BE1-8EBD-62CA5FB1D963}.Master|x64.Build.0 = Master|x64
		{D6EF6478-1705-4BE1-8EBD-62CA5FB1D963}.Master|x86.ActiveCfg = Master|x86
		{D6EF6478-1705-4BE1-8EBD-62CA5FB1D963}.Master|x86.Build.0 = Master|x86
		{D6EF6478-1705-4BE1-8EBD-62CA5FB1D963}.Release|ARM.ActiveCfg = Release|ARM
		{D6EF6478-1705-4BE1-8EBD-62CA5FB1D963}.Release|ARM.Build.0 = Release|ARM
		{D6EF6478-1705-4BE1-8EBD-62CA5FB1D963}.Release|x64.ActiveCfg = Release|x64
		{D6EF6478-1705-4BE1-8EBD-62CA5FB1D963}.Release|x64.Build.0 = Release|x64
		{D6EF6478-1705-4BE1-8EBD-62CA5FB1D963}.Release|x86.ActiveCfg = Release|x86
		{D6EF6478-1705-4BE1-8EBD-62CA5FB1D963}.Release|x86.Build.0 = Release|x86
		{EE039017-68BD-4765-B346-E513D5A1F2D2}.Debug|ARM.ActiveCfg = Debug|ARM
		{EE039017-68BD-4765-B346-E513D5A1F2D2}.Debug|ARM.Build.0 = Debug|ARM
		{EE039017-68BD-4765-B346-E513D5A1F2D2}.Debug|x64.ActiveCfg = Debug|x64
		{EE039017-68BD-4765-B346-E513D5A1F2D2}.Debug|x64.Build.0 = Debug|x64
		{EE039017-68BD-4765-B346-E513D5A1F2D2}.Debug|x86.ActiveCfg = Debug|x86
		{EE039017-68BD-4765-B346-E513D5A1F2D2}.Debug|x86.Build.0 = Debug|x86
		{EE039017-68BD-4765-B346-E513D5A1F2D2}.Master|ARM.ActiveCfg = Master|ARM
		{EE039017-68BD-4765-B346-E513D5A1F2D2}.Master|ARM.Build.0 = Master|ARM
		{EE039017-68BD-4765-B346-E513D5A1F2D2}.Master|x64.ActiveCfg = Master|x64
		{EE039017-68BD-4765-B346-E513D5A1F2D2}.Master|x64.Build.0 = Master|x64
		{EE039017-68BD-4765-B346-E513D5A1F2D2}.Master|x86.ActiveCfg = Master|x86
		{EE039017-68BD-4765-B346-E513D5A1F2D2}.Master|x86.Build.0 = Master|x86
		{EE039017-68BD-4765-B346-E513D5A1F2D2}.Release|ARM.ActiveCfg = Release|ARM
		{EE039017-68BD-4765-B346-E513D5A1F2D2}.Release|ARM.Build.0 = Release|ARM
		{EE039017-68BD-4765-B346-E513D5A1F2D2}.Release|x64.ActiveCfg = Release|x64
		{EE039017-68BD-4765-B346-E513D5A1F2D2}.Release|x64.Build.0 = Release|x64
		{EE039017-68BD-4765-B346-E513D5A1F2D2}.Release|x86.ActiveCfg = Release|x86
		{EE039017-68BD-4765-B346-E513D5A1F2D2}.Release|x86.Build.0 = Release|x86
		{0CE1A0A4-4B9A-4964-89C8-D879E3A153EA}.Debug|ARM.ActiveCfg = Debug|ARM
		{0CE1A0A4-4B9A-4964-89C8-D879E3A153EA}.Debug|ARM.Build.0 = Debug|ARM
		{0CE1A0A4-4B9A-4964-89C8-D879E3A153EA}.Debug|x64.ActiveCfg = Debug|x64
		{0CE1A0A4-4B9A-4964-89C8-D879E3A153EA}.Debug|x64.Build.0 = Debug|x64
		{0CE1A0A4-4B9A-4964-89C8-D879E3A153EA}.Debug|x86.ActiveCfg = Debug|x86
		{0CE1A0A4-4B9A-4964-89C8-D879E3A153EA}.Debug|x86.Build.0 = Debug|x86
		{0CE1A0A4-4B9A-4964-89C8-D879E3A153EA}.Master|ARM.ActiveCfg = Master|ARM
		{0CE1A0A4-4B9A-4964-89C8-D879E3A153EA}.Master|ARM.Build.0 = Master|ARM
		{0CE1A0A4-4B9A-4964-89C8-D879E3A153EA}.Master|x64.ActiveCfg = Master|x64
		{0CE1A0A4-4B9A-4964-89C8-D879E3A153EA}.Master|x64.Build.0 = Master|x64
		{0CE1A0A4-4B9A-4964-89C8-D879E3A153EA}.Master|x86.ActiveCfg = Master|x86
		{0CE1A0A4-4B9A-4964-89C8-D879E3A153EA}.Master|x86.Build.0 = Master|x86
		{0CE1A0A4-4B9A-4964-89C8-D879E3A153EA}.Release|ARM.ActiveCfg = Release|ARM
		{0CE1A0A4-4B9A-4964-89C8-D879E3A153EA}.Release|ARM.Build.0 = Release|ARM
		{0CE1A0A4-4B9A-4964-89C8-D879E3A153EA}.Release|x64.ActiveCfg = Release|x64
		{0CE1A0A4-4B9A-4964-89C8-D879E3A153EA}.Release|x64.Build.0 = Release|x64
		{0CE1A0A4-4B9A-4964-89C8-D879E3A153EA}.Release|x86.ActiveCfg = Release|x86
		{0CE1A0A4-4B9A-4964-89C8-D879E3A153EA}.Release|x86.Build.0 = Release|x86
		{82E04E7C-1247-4D6F-B6CB-C895D090BDEC}.Debug|ARM.ActiveCfg = Debug|ARM
		{82E04E7C-1247-4D6F-B6CB-C895D090BDEC}.Debug|ARM.Build.0 = Debug|ARM
		{82E04E7C-1247-4D6F-B6CB-C895D090BDEC}.Debug|x64.ActiveCfg = Debug|x64
		{82E04E7C-1247-4D6F-B6CB-C895D090BDEC}.Debug|x64.Build.0 = Debug|x64
		{82E04E7C-1247-4D6F-B6CB-C895D090BDEC}.Debug|x86.ActiveCfg = Debug|x86
		{82E04E7C-1247-4D6F-B6CB-C895D090BDEC}.Debug|x86.Build.0 = Debug|x86
		{82E04E7C-1247-4D6F-B6CB-C895D090BDEC}.Master|ARM.ActiveCfg = Master|ARM
		{82E04E7C-1247-4D6F-B6CB-C895D090BDEC}.Master|ARM.Build.0 = Master|ARM
		{82E04E7C-1247-4D6F-B6CB-C895D090BDEC}.Master|x64.ActiveCfg = Master|x64
		{82E04E7C-1247-4D6F-B6CB-C895D090BDEC}.Master|x64.Build.0 = Master|x64
		{82E04E7C-1247-4D6F-B6CB-C895D090BDEC}.Master|x86.ActiveCfg = Master|x86
		{82E04E7C-1247-4D6F-B6CB-C895D090BDEC}.Master|x86.Build.0 = Master|x86
		{82E04E7C-1247-4D6F-B6CB-C895D090BDEC}.Release|ARM.ActiveCfg = Release|ARM
		{82E04E7C-1247-4D6F-B6CB-C895D090BDEC}.Release|ARM.Build.0 = Release|ARM
		{82E04E7C-1247-4D6F-B6CB-C895D090BDEC}.Release|x64.ActiveCfg = Release|x64
		{82E04E7C-1247-4D6F-B6CB-C895D090BDEC}.Release|x64.Build.0 = Release|x64
		{82E04E7C-1247-4D6F-B6CB-C895D090BDEC}.Release|x86.ActiveCfg = Release|x86
		{82E04E7C-1247-4D6F-B6CB-C895D090BDEC}.Release|x86.Build.0 = Release|x86
		{2EE813F2-283E-4E2F-AD1A-49D69804B081}.Debug|ARM.ActiveCfg = Debug|ARM
		{2EE813F2-283E-4E2F-AD1A-49D69804B081}.Debug|ARM.Build.0 = Debug|ARM
		{2EE813F2-283E-4E2F-AD1A-49D69804B081}.Debug|x64.ActiveCfg = Debug|x64
		{2EE813F2-283E-4E2F-AD1A-49D69804B081}.Debug|x64.Build.0 = Debug|x64
		{2EE813F2-283E-4E2F-AD1A-49D69804B081}.Debug|x86.ActiveCfg = Debug|x86
		{2EE813F2-283E-4E2F-AD1A-49D69804B081}.Debug|x86.Build.0 = Debug|x86
		{2EE813F2-283E-4E2F-AD1A-49D69804B081}.Master|ARM.ActiveCfg = Master|ARM
		{2EE813F2-283E-4E2F-AD1A-49D69804B081}.Master|ARM.Build.0 = Master|ARM
		{2EE813F2-283E-4E2F-AD1A-49D69804B081}.Master|x64.ActiveCfg = Master|x64
		{2EE813F2-283E-4E2F-AD1A-49D69804B081}.Master|x64.Build.0 = Master|x64
		{2EE813F2-283E-4E2F-AD1A-49D69804B081}.Master|x86.ActiveCfg = Master|x86
		{2EE813F2-283E-4E2F-AD1A-49D69804B081}.Master|x86.Build.0 = Master|x86
		{2EE813F2-283E-4E2F-AD1A-49D69804B081}.Release|ARM.ActiveCfg = Release|ARM
		{2EE813F2-283E-4E2F-AD1A-49D69804B081}.Release|ARM.Build.0 = Release|ARM
		{2EE813F2-283E-4E2F-AD1A-49D69804B081}.Release|x64.ActiveCfg = Release|x64
		{2EE813F2-283E-4E2F-AD1A-49D69804B081}.Release|x64.Build.0 = Release|x64
		{2EE813F2-283E-4E2F-AD1A-49D69804B081}.Release|x86.ActiveCfg = Release|x86
		{2EE813F2-283E-4E2F-AD1A-49D69804B081}.Release|x86.Build.0 = Release|x86
		{AD50E162-07EF-467D-9E62-2FDA3F019919}.Debug|ARM.ActiveCfg = Debug|ARM
		{AD50E162-07EF-467D-9E62-2FDA3F019919}.Debug|ARM.Build.0 = Debug|ARM
		{AD50E162-07EF-467D-9E62-2FDA3F019919}.Debug|x64.ActiveCfg = Debug|x64
		{AD50E162-07EF-467D-9E62-2FDA3F019919}.Debug|x64.Build.0 = Debug|x64
		{AD50E162-07EF-467D-9E62-2FDA3F019919}.Debug|x86.ActiveCfg = Debug|x86
		{AD50E162-07EF-467D-9E62-2FDA3F019919}.Debug|x86.Build.0 = Debug|x86
		{AD50E162-07EF-467D-9E62-2FDA3F019919}.Master|ARM.ActiveCfg = Master|ARM
		{AD50E162-07EF-467D-9E62-2FDA3F019919}.Master|ARM.Build.0 = Master|ARM
		{AD50E162-07EF-467D-9E62-2FDA3F019919}.Master|x64.ActiveCfg = Master|x64
		{AD50E162-07EF-467D-9E62-2FDA3F019919}.Master|x64.Build.0 = Master|x64
		{AD50E162-07EF-467D-9E62-2FDA3F019919}.Master|x86.ActiveCfg = Master|x86
		{AD50E162-07EF-467D-9E62-2FDA3F019919}.Master|x86.Build.0 = Master|x86
		{AD50E162-07EF-467D-9E62-2FDA3F019919}.Release|ARM.ActiveCfg = Release|ARM
		{AD50E162-07EF-467D-9E62-2FDA3F019919}.Release|ARM.Build.0 = Release|ARM
		{AD50E162-07EF-467D-9E62-2FDA3F019919}.Release|x64.ActiveCfg = Release|x64
		{AD50E162-07EF-467D-9E62-2FDA3F019919}.Release|x64.Build.0 = Release|x64
		{AD50E162-07EF-467D-9E62-2FDA3F019919}.Release|x86.ActiveCfg = Release|x86
		{AD50E162-07EF-467D-9E62-2FDA3F019919}.Release|x86.Build.0 = Release|x86
		{1DDF738F-7ECF-4874-80F9-60E4CCE891CF}.Debug|ARM.ActiveCfg = Debug|ARM
		{1DDF738F-7ECF-4874-80F9-60E4CCE891CF}.Debug|ARM.Build.0 = Debug|ARM
		{1DDF738F-7ECF-4874-80F9-60E4CCE891CF}.Debug|x64.ActiveCfg = Debug|x64
		{1DDF738F-7ECF-4874-80F9-60E4CCE891CF}.Debug|x64.Build.0 = Debug|x64
		{1DDF738F-7ECF-4874-80F9-60E4CCE891CF}.Debug|x86.ActiveCfg = Debug|x86
		{1DDF738F-7ECF-4874-80F9-60E4CCE891CF}.Debug|x86.Build.0 = Debug|x86
		{1DDF738F-7ECF-4874-80F9-60E4CCE891CF}.Master|ARM.ActiveCfg = Master|ARM
		{1DDF738F-7ECF-4874-80F9-60E4CCE891CF}.Master|ARM.Build.0 = Master|ARM
		{1DDF738F-7ECF-4874-80F9-60E4CCE891CF}.Master|x64.ActiveCfg = Master|x64
		{1DDF738F-7ECF-4874-80F9-60E4CCE891CF}.Master|x64.Build.0 = Master|x64
		{1DDF738F-7ECF-4874-80F9-60E4CCE891CF}.Master|x86.ActiveCfg = Master|x86
		{1DDF738F-7ECF-4874-80F9-60E4CCE891CF}.Master|x86.Build.0 = Master|x86
		{1DDF738F-7ECF-4874-80F9-60E4CCE891CF}.Release|ARM.ActiveCfg = Release|ARM
		{1DDF738F-7ECF-4874-80F9-60E4CCE891CF}.Release|ARM.Build.0 = Release|ARM
		{1DDF738F-7ECF-4874-80F9-60E4CCE891CF}.Release|x64.ActiveCfg = Release|x64
		{1DDF738F-7ECF-4874-80F9-60E4CCE891CF}.Release|x64.Build.0 = Release|x64
		{1DDF738F-7ECF-4874-80F9-60E4CCE891CF}.Release|x86.ActiveCfg = Release|x86
		{1DDF738F-7ECF-4874-80F9-60E4CCE891CF}.Release|x86.Build.0 = Release|x86
		{C44641FC-3D08-4CA3-9A0B-20B9073F8E9C}.Debug|ARM.ActiveCfg = Debug|ARM
		{C44641FC-3D08-4CA3-9A0B-20B9073F8E9C}.Debug|ARM.Build.0 = Debug|ARM
		{C44641FC-3D08-4CA3-9A0B-20B9073F8E9C}.Debug|x64.ActiveCfg = Debug|x64
		{C44641FC-3D08-4CA3-9A0B-20B9073F8E9C}.Debug|x64.Build.0 = Debug|x64
		{C44641FC-3D08-4CA3-9A0B-20B9073F8E9C}.Debug|x86.ActiveCfg = Debug|x86
		{C44641FC-3D08-4CA3-9A0B-20B9073F8E9C}.Debug|x86.Build.0 = Debug|x86
		{C44641FC-3D08-4CA3-9A0B-20B9073F8E9C}.Master|ARM.ActiveCfg = Master|ARM
		{C44641FC-3D08-4CA3-9A0B-20B9073F8E9C}.Master|ARM.Build.0 = Master|ARM
		{C44641FC-3D08-4CA3-9A0B-20B9073F8E9C}.Master|x64.ActiveCfg = Master|x64
		{C44641FC-3D08-4CA3-9A0B-20B9073F8E9C}.Master|x64.Build.0 = Master|x64
		{C44641FC-3D08-4CA3-9A0B-20B9073F8E9C}.Master|x86.ActiveCfg = Master|x86
		{C44641FC-3D08-4CA3-9A0B-20B9073F8E9C}.Master|x86.Build.0 = Master|x86
		{C44641FC-3D08-4CA3-9A0B-20B9073F8E9C}.Release|ARM.ActiveCfg = Release|ARM
		{C44641FC-3D08-4CA3-9A0B-20B9073F8E9C}.Release|ARM.Build.0 = Release|ARM
		{C44641FC-3D08-4CA3-9A0B-20B9073F8E9C}.Release|x64.ActiveCfg = Release|x64
		{C44641FC-3D08-4CA3-9A0B-20B9073F8E9C}.Release|x64.Build.0 = Release|x64
		{C44641FC-3D08-4CA3-9A0B-20B9073F8E9C}.Release|x86.ActiveCfg = Release|x86
		{C44641FC-3D08-4CA3-9A0B-20B9073F8E9C}.Release|x86.Build.0 = Release|x86
		{180C9374-ACB9-492F-8904-B52B8AD8200E}.Debug|ARM.ActiveCfg = Debug|ARM
		{180C9374-ACB9-492F-8904-B52B8AD8200E}.Debug|ARM.Build.0 = Debug|ARM
		{180C9374-ACB9-492F-8904-B52B8AD8200E}.Debug|x64.ActiveCfg = Debug|x64
		{180C9374-ACB9-492F-8904-B52B8AD8200E}.Debug|x64.Build.0 = Debug|x64
		{180C9374-ACB9-492F-8904-B52B8AD8200E}.Debug|x86.ActiveCfg = Debug|x86
		{180C9374-ACB9-492F-8904-B52B8AD8200E}.Debug|x86.Build.0 = Debug|x86
		{180C9374-ACB9-492F-8904-B52B8AD8200E}.Master|ARM.ActiveCfg = Master|ARM
		{180C9374-ACB9-492F-8904-B52B8AD8200E}.Master|ARM.Build.0 = Master|ARM
		{180C9374-ACB9-492F-8904-B52B8AD8200E}.Master|x64.ActiveCfg = Master|x64
		{180C9374-ACB9-492F-8904-B52B8AD8200E}.Master|x64.Build.0 = Master|x64
		{180C9374-ACB9-492F-8904-B52B8AD8200E}.Master|x86.ActiveCfg = Master|x86
		{180C9374-ACB9-492F-8904-B52B8AD8200E}.Master|x86.Build.0 = Master|x86
		{180C9374-ACB9-492F-8904-B52B8AD8200E}.Release|ARM.ActiveCfg = Release|ARM
		{180C9374-ACB9-492F-8904-B52B8AD8200E}.Release|ARM.Build.0 = Release|ARM
		{180C9374-ACB9-492F-8904-B52B8AD8200E}.Release|x64.ActiveCfg = Release|x64
		{180C9374-ACB9-492F-8904-B52B8AD8200E}.Release|x64.Build.0 = Release|x64
		{180C9374-ACB9-492F-8904-B52B8AD8200E}.Release|x86.ActiveCfg = Release|x86
		{180C9374-ACB9-492F-8904-B52B8AD8200E}.Release|x86.Build.0 = Release|x86
		{B64FF35D-5C10-46D5-A59B-665558A25AA8}.Debug|ARM.ActiveCfg = Debug|ARM
		{B64FF35D-5C10-46D5-A59B-665558A25AA8}.Debug|ARM.Build.0 = Debug|ARM
		{B64FF35D-5C10-46D5-A59B-665558A25AA8}.Debug|x64.ActiveCfg = Debug|x64
		{B64FF35D-5C10-46D5-A59B-665558A25AA8}.Debug|x64.Build.0 = Debug|x64
		{B64FF35D-5C10-46D5-A59B-665558A25AA8}.Debug|x86.ActiveCfg = Debug|x86
		{B64FF35D-5C10-46D5-A59B-665558A25AA8}.Debug|x86.Build.0 = Debug|x86
		{B64FF35D-5C10-46D5-A59B-665558A25AA8}.Master|ARM.ActiveCfg = Master|ARM
		{B64FF35D-5C10-46D5-A59B-665558A25AA8}.Master|ARM.Build.0 = Master|ARM
		{B64FF35D-5C10-46D5-A59B-665558A25AA8}.Master|x64.ActiveCfg = Master|x64
		{B64FF35D-5C10-46D5-A59B-665558A25AA8}.Master|x64.Build.0 = Master|x64
		{B64FF35D-5C10-46D5-A59B-665558A25AA8}.Master|x86.ActiveCfg = Master|x86
		{B64FF35D-5C10-46D5-A59B-665558A25AA8}.Master|x86.Build.0 = Master|x86
		{B64FF35D-5C10-46D5-A59B-665558A25AA8}.Release|ARM.ActiveCfg = Release|ARM
		{B64FF35D-5C10-46D5-A59B-665558A25AA8}.Release|ARM.Build.0 = Release|ARM
		{B64FF35D-5C10-46D5-A59B-665558A25AA8}.Release|x64.ActiveCfg = Release|x64
		{B64FF35D-5C10-46D5-A59B-665558A25AA8}.Release|x64.Build.0 = Release|x64
		{B64FF35D-5C10-46D5-A59B-665558A25AA8}.Release|x86.ActiveCfg = Release|x86
		{B64FF35D-5C10-46D5-A59B-665558A25AA8}.Release|x86.Build.0 = Release|x86
		{8A45342F-EE0B-42A6-917B-E1B8D393F6BA}.Debug|ARM.ActiveCfg = Debug|ARM
		{8A45342F-EE0B-42A6-917B-E1B8D393F6BA}.Debug|ARM.Build.0 = Debug|ARM
		{8A45342F-EE0B-42A6-917B-E1B8D393F6BA}.Debug|x64.ActiveCfg = Debug|x64
		{8A45342F-EE0B-42A6-917B-E1B8D393F6BA}.Debug|x64.Build.0 = Debug|x64
		{8A45342F-EE0B-42A6-917B-E1B8D393F6BA}.Debug|x86.ActiveCfg = Debug|x86
		{8A45342F-EE0B-42A6-917B-E1B8D393F6BA}.Debug|x86.Build.0 = Debug|x86
		{8A45342F-EE0B-42A6-917B-E1B8D393F6BA}.Master|ARM.ActiveCfg = Master|ARM
		{8A45342F-EE0B-42A6-917B-E1B8D393F6BA}.Master|ARM.Build.0 = Master|ARM
		{8A45342F-EE0B-42A6-917B-E1B8D393F6BA}.Master|x64.ActiveCfg = Master|x64
		{8A45342F-EE0B-42A6-917B-E1B8D393F6BA}.Master|x64.Build.0 = Master|x64
		{8A45342F-EE0B-42A6-917B-E1B8D393F6BA}.Master|x86.ActiveCfg = Master|x86
		{8A45342F-EE0B-42A6-917B-E1B8D393F6BA}.Master|x86.Build.0 = Master|x86
		{8A45342F-EE0B-42A6-917B-E1B8D393F6BA}.Release|ARM.ActiveCfg = Release|ARM
		{8A45342F-EE0B-42A6-917B-E1B8D393F6BA}.Release|ARM.Build.0 = Release|ARM
		{8A45342F-EE0B-42A6-917B-E1B8D393F6BA}.Release|x64.ActiveCfg = Release|x64
		{8A45342F-EE0B-42A6-917B-E1B8D393F6BA}.Release|x64.Build.0 = Release|x64
		{8A45342F-EE0B-42A6-917B-E1B8D393F6BA}.Release|x86.ActiveCfg = Release|x86
		{8A45342F-EE0B-42A6-917B-E1B8D393F6BA}.Release|x86.Build.0 = Release|x86
	EndGlobalSection
	GlobalSection(SolutionProperties) = preSolution
		HideSolutionNode = FALSE
	EndGlobalSection
	GlobalSection(ExtensibilityGlobals) = postSolution
		SolutionGuid = {6B334BA4-C4F7-488F-8F5B-4E14CA42C5F6}
	EndGlobalSection
EndGlobal
