
Microsoft Visual Studio Solution File, Format Version 12.00
# Visual Studio 16
VisualStudioVersion = 16.1.29001.49
MinimumVisualStudioVersion = 10.0.40219.1
Project("{FAE04EC0-301F-11D3-BF4B-00C04F79EFBC}") = "HoloHelloWorld", "HoloHelloWorld\HoloHelloWorld.csproj", "{13A45C13-3265-47B8-BC48-A553B569DF55}"
	ProjectSection(ProjectDependencies) = postProject
		{d58a8e13-8586-4a41-9fb5-a9a05a865ace} = {d58a8e13-8586-4a41-9fb5-a9a05a865ace}
		{ba038ceb-29ca-4d36-97a2-4be7cabb9799} = {ba038ceb-29ca-4d36-97a2-4be7cabb9799}
		{02eba343-8acb-4db5-85d3-3f4fcfcc29aa} = {02eba343-8acb-4db5-85d3-3f4fcfcc29aa}
		{d0a0a3f5-9f6c-4e09-b9f0-b5e212ddc1a0} = {d0a0a3f5-9f6c-4e09-b9f0-b5e212ddc1a0}
		{c3e51680-bbdb-4c83-9db5-106469a27935} = {c3e51680-bbdb-4c83-9db5-106469a27935}
		{91db5972-d99c-4983-a14b-e2790a855689} = {91db5972-d99c-4983-a14b-e2790a855689}
		{0bd1613d-2cd3-4772-8181-4e277ebf4da6} = {0bd1613d-2cd3-4772-8181-4e277ebf4da6}
		{70e139a6-39f0-4c1b-85a8-497887a02edf} = {70e139a6-39f0-4c1b-85a8-497887a02edf}
		{65b34035-5610-4957-b977-eb0fb0eea28f} = {65b34035-5610-4957-b977-eb0fb0eea28f}
		{ce8fdb8a-20a7-4d44-a9fe-243676c59131} = {ce8fdb8a-20a7-4d44-a9fe-243676c59131}
		{8e825355-e0c1-4855-8c23-a12dc7d57435} = {8e825355-e0c1-4855-8c23-a12dc7d57435}
		{d2f0da6d-4785-448b-b37d-c383660524d8} = {d2f0da6d-4785-448b-b37d-c383660524d8}
		{e4b886d7-fad2-48f2-8841-26f7bff0f05d} = {e4b886d7-fad2-48f2-8841-26f7bff0f05d}
		{50200809-e033-4bf6-83c0-446d2c117727} = {50200809-e033-4bf6-83c0-446d2c117727}
		{8446fd9e-4991-4c3f-9da6-c7afaa17513d} = {8446fd9e-4991-4c3f-9da6-c7afaa17513d}
		{d35391e2-7b4f-45f9-a5ad-49479919b365} = {d35391e2-7b4f-45f9-a5ad-49479919b365}
		{e2e951b5-4054-494b-950b-f04fbc1c3ae9} = {e2e951b5-4054-494b-950b-f04fbc1c3ae9}
		{d67727f4-6503-45eb-886e-0b3987dd7476} = {d67727f4-6503-45eb-886e-0b3987dd7476}
		{af919705-061f-4205-9b7d-9e743bd90e00} = {af919705-061f-4205-9b7d-9e743bd90e00}
		{4e6f47aa-ddf9-4413-aa5a-6e52f1b56b9d} = {4e6f47aa-ddf9-4413-aa5a-6e52f1b56b9d}
		{ef08c373-ff85-44d0-985d-1d653e987e7f} = {ef08c373-ff85-44d0-985d-1d653e987e7f}
		{a3c743de-1ada-4571-ab52-6f81262d24de} = {a3c743de-1ada-4571-ab52-6f81262d24de}
	EndProjectSection
EndProject
Project("{FAE04EC0-301F-11D3-BF4B-00C04F79EFBC}") = "Assembly-CSharp", "C:\Users\ARVR\HoloHelloWorld\Builds\WSAPlayer\GeneratedProjects\UWP\Assembly-CSharp\Assembly-CSharp.csproj", "{d58a8e13-8586-4a41-9fb5-a9a05a865ace}"
EndProject
Project("{FAE04EC0-301F-11D3-BF4B-00C04F79EFBC}") = "Microsoft.MixedReality.Toolkit.Providers.OpenVR", "C:\Users\ARVR\HoloHelloWorld\Builds\WSAPlayer\GeneratedProjects\UWP\Microsoft.MixedReality.Toolkit.Providers.OpenVR\Microsoft.MixedReality.Toolkit.Providers.OpenVR.csproj", "{ba038ceb-29ca-4d36-97a2-4be7cabb9799}"
EndProject
Project("{FAE04EC0-301F-11D3-BF4B-00C04F79EFBC}") = "Microsoft.MixedReality.Toolkit.Examples", "C:\Users\ARVR\HoloHelloWorld\Builds\WSAPlayer\GeneratedProjects\UWP\Microsoft.MixedReality.Toolkit.Examples\Microsoft.MixedReality.Toolkit.Examples.csproj", "{02eba343-8acb-4db5-85d3-3f4fcfcc29aa}"
EndProject
Project("{FAE04EC0-301F-11D3-BF4B-00C04F79EFBC}") = "Microsoft.MixedReality.Toolkit", "C:\Users\ARVR\HoloHelloWorld\Builds\WSAPlayer\GeneratedProjects\UWP\Microsoft.MixedReality.Toolkit\Microsoft.MixedReality.Toolkit.csproj", "{d0a0a3f5-9f6c-4e09-b9f0-b5e212ddc1a0}"
EndProject
Project("{FAE04EC0-301F-11D3-BF4B-00C04F79EFBC}") = "Microsoft.MixedReality.Toolkit.SDK", "C:\Users\ARVR\HoloHelloWorld\Builds\WSAPlayer\GeneratedProjects\UWP\Microsoft.MixedReality.Toolkit.SDK\Microsoft.MixedReality.Toolkit.SDK.csproj", "{c3e51680-bbdb-4c83-9db5-106469a27935}"
EndProject
Project("{FAE04EC0-301F-11D3-BF4B-00C04F79EFBC}") = "Microsoft.MixedReality.Toolkit.Services.SpatialAwarenessSystem", "C:\Users\ARVR\HoloHelloWorld\Builds\WSAPlayer\GeneratedProjects\UWP\Microsoft.MixedReality.Toolkit.Services.SpatialAwarenessSystem\Microsoft.MixedReality.Toolkit.Services.SpatialAwarenessSystem.csproj", "{91db5972-d99c-4983-a14b-e2790a855689}"
EndProject
Project("{FAE04EC0-301F-11D3-BF4B-00C04F79EFBC}") = "Unity.TextMeshPro", "C:\Users\ARVR\HoloHelloWorld\Builds\WSAPlayer\GeneratedProjects\UWP\Unity.TextMeshPro\Unity.TextMeshPro.csproj", "{0bd1613d-2cd3-4772-8181-4e277ebf4da6}"
EndProject
Project("{FAE04EC0-301F-11D3-BF4B-00C04F79EFBC}") = "Microsoft.MixedReality.Toolkit.Utilities.Gltf", "C:\Users\ARVR\HoloHelloWorld\Builds\WSAPlayer\GeneratedProjects\UWP\Microsoft.MixedReality.Toolkit.Utilities.Gltf\Microsoft.MixedReality.Toolkit.Utilities.Gltf.csproj", "{70e139a6-39f0-4c1b-85a8-497887a02edf}"
EndProject
Project("{FAE04EC0-301F-11D3-BF4B-00C04F79EFBC}") = "Unity.Analytics.DataPrivacy", "C:\Users\ARVR\HoloHelloWorld\Builds\WSAPlayer\GeneratedProjects\UWP\Unity.Analytics.DataPrivacy\Unity.Analytics.DataPrivacy.csproj", "{65b34035-5610-4957-b977-eb0fb0eea28f}"
EndProject
Project("{FAE04EC0-301F-11D3-BF4B-00C04F79EFBC}") = "Microsoft.MixedReality.Toolkit.Services.InputSystem", "C:\Users\ARVR\HoloHelloWorld\Builds\WSAPlayer\GeneratedProjects\UWP\Microsoft.MixedReality.Toolkit.Services.InputSystem\Microsoft.MixedReality.Toolkit.Services.InputSystem.csproj", "{ce8fdb8a-20a7-4d44-a9fe-243676c59131}"
EndProject
Project("{FAE04EC0-301F-11D3-BF4B-00C04F79EFBC}") = "Microsoft.MixedReality.Toolkit.Services.InputSimulation", "C:\Users\ARVR\HoloHelloWorld\Builds\WSAPlayer\GeneratedProjects\UWP\Microsoft.MixedReality.Toolkit.Services.InputSimulation\Microsoft.MixedReality.Toolkit.Services.InputSimulation.csproj", "{8e825355-e0c1-4855-8c23-a12dc7d57435}"
EndProject
Project("{FAE04EC0-301F-11D3-BF4B-00C04F79EFBC}") = "Unity.XR.WindowsMR", "C:\Users\ARVR\HoloHelloWorld\Builds\WSAPlayer\GeneratedProjects\UWP\Unity.XR.WindowsMR\Unity.XR.WindowsMR.csproj", "{d2f0da6d-4785-448b-b37d-c383660524d8}"
EndProject
Project("{FAE04EC0-301F-11D3-BF4B-00C04F79EFBC}") = "Microsoft.MixedReality.Toolkit.Services.DiagnosticsSystem", "C:\Users\ARVR\HoloHelloWorld\Builds\WSAPlayer\GeneratedProjects\UWP\Microsoft.MixedReality.Toolkit.Services.DiagnosticsSystem\Microsoft.MixedReality.Toolkit.Services.DiagnosticsSystem.csproj", "{e4b886d7-fad2-48f2-8841-26f7bff0f05d}"
EndProject
Project("{FAE04EC0-301F-11D3-BF4B-00C04F79EFBC}") = "MixedRealityToolkit.Examples.Demos.Utilities.InspectorFields", "C:\Users\ARVR\HoloHelloWorld\Builds\WSAPlayer\GeneratedProjects\UWP\MixedRealityToolkit.Examples.Demos.Utilities.InspectorFields\MixedRealityToolkit.Examples.Demos.Utilities.InspectorFields.csproj", "{50200809-e033-4bf6-83c0-446d2c117727}"
EndProject
Project("{FAE04EC0-301F-11D3-BF4B-00C04F79EFBC}") = "Microsoft.MixedReality.Toolkit.Core.Utilities.Async", "C:\Users\ARVR\HoloHelloWorld\Builds\WSAPlayer\GeneratedProjects\UWP\Microsoft.MixedReality.Toolkit.Core.Utilities.Async\Microsoft.MixedReality.Toolkit.Core.Utilities.Async.csproj", "{8446fd9e-4991-4c3f-9da6-c7afaa17513d}"
EndProject
Project("{FAE04EC0-301F-11D3-BF4B-00C04F79EFBC}") = "Microsoft.MixedReality.Toolkit.Providers.WindowsMixedReality", "C:\Users\ARVR\HoloHelloWorld\Builds\WSAPlayer\GeneratedProjects\UWP\Microsoft.MixedReality.Toolkit.Providers.WindowsMixedReality\Microsoft.MixedReality.Toolkit.Providers.WindowsMixedReality.csproj", "{d35391e2-7b4f-45f9-a5ad-49479919b365}"
EndProject
Project("{FAE04EC0-301F-11D3-BF4B-00C04F79EFBC}") = "Microsoft.MixedReality.Toolkit.Examples.Demos.Gltf", "C:\Users\ARVR\HoloHelloWorld\Builds\WSAPlayer\GeneratedProjects\UWP\Microsoft.MixedReality.Toolkit.Examples.Demos.Gltf\Microsoft.MixedReality.Toolkit.Examples.Demos.Gltf.csproj", "{e2e951b5-4054-494b-950b-f04fbc1c3ae9}"
EndProject
Project("{FAE04EC0-301F-11D3-BF4B-00C04F79EFBC}") = "Microsoft.MixedReality.Toolkit.Providers.WindowsVoiceInput", "C:\Users\ARVR\HoloHelloWorld\Builds\WSAPlayer\GeneratedProjects\UWP\Microsoft.MixedReality.Toolkit.Providers.WindowsVoiceInput\Microsoft.MixedReality.Toolkit.Providers.WindowsVoiceInput.csproj", "{d67727f4-6503-45eb-886e-0b3987dd7476}"
EndProject
Project("{FAE04EC0-301F-11D3-BF4B-00C04F79EFBC}") = "Microsoft.MixedReality.Toolkit.Services.TeleportSystem", "C:\Users\ARVR\HoloHelloWorld\Builds\WSAPlayer\GeneratedProjects\UWP\Microsoft.MixedReality.Toolkit.Services.TeleportSystem\Microsoft.MixedReality.Toolkit.Services.TeleportSystem.csproj", "{af919705-061f-4205-9b7d-9e743bd90e00}"
EndProject
Project("{FAE04EC0-301F-11D3-BF4B-00C04F79EFBC}") = "MixedRealityToolkit.Services.CameraSystem", "C:\Users\ARVR\HoloHelloWorld\Builds\WSAPlayer\GeneratedProjects\UWP\MixedRealityToolkit.Services.CameraSystem\MixedRealityToolkit.Services.CameraSystem.csproj", "{4e6f47aa-ddf9-4413-aa5a-6e52f1b56b9d}"
EndProject
Project("{FAE04EC0-301F-11D3-BF4B-00C04F79EFBC}") = "Microsoft.MixedReality.Toolkit.Services.BoundarySystem", "C:\Users\ARVR\HoloHelloWorld\Builds\WSAPlayer\GeneratedProjects\UWP\Microsoft.MixedReality.Toolkit.Services.BoundarySystem\Microsoft.MixedReality.Toolkit.Services.BoundarySystem.csproj", "{ef08c373-ff85-44d0-985d-1d653e987e7f}"
EndProject
Project("{FAE04EC0-301F-11D3-BF4B-00C04F79EFBC}") = "MixedRealityToolkit.Examples.Demos.UX.Interactables", "C:\Users\ARVR\HoloHelloWorld\Builds\WSAPlayer\GeneratedProjects\UWP\MixedRealityToolkit.Examples.Demos.UX.Interactables\MixedRealityToolkit.Examples.Demos.UX.Interactables.csproj", "{a3c743de-1ada-4571-ab52-6f81262d24de}"
EndProject
Global
	GlobalSection(SolutionConfigurationPlatforms) = preSolution
		Debug|ARM = Debug|ARM
		Debug|x64 = Debug|x64
		Debug|x86 = Debug|x86
		Master|ARM = Master|ARM
		Master|x64 = Master|x64
		Master|x86 = Master|x86
		Release|ARM = Release|ARM
		Release|x64 = Release|x64
		Release|x86 = Release|x86
	EndGlobalSection
	GlobalSection(ProjectConfigurationPlatforms) = postSolution
		{13A45C13-3265-47B8-BC48-A553B569DF55}.Debug|ARM.ActiveCfg = Debug|ARM
		{13A45C13-3265-47B8-BC48-A553B569DF55}.Debug|ARM.Build.0 = Debug|ARM
		{13A45C13-3265-47B8-BC48-A553B569DF55}.Debug|ARM.Deploy.0 = Debug|ARM
		{13A45C13-3265-47B8-BC48-A553B569DF55}.Debug|x64.ActiveCfg = Debug|x64
		{13A45C13-3265-47B8-BC48-A553B569DF55}.Debug|x64.Build.0 = Debug|x64
		{13A45C13-3265-47B8-BC48-A553B569DF55}.Debug|x64.Deploy.0 = Debug|x64
		{13A45C13-3265-47B8-BC48-A553B569DF55}.Debug|x86.ActiveCfg = Debug|x86
		{13A45C13-3265-47B8-BC48-A553B569DF55}.Debug|x86.Build.0 = Debug|x86
		{13A45C13-3265-47B8-BC48-A553B569DF55}.Debug|x86.Deploy.0 = Debug|x86
		{13A45C13-3265-47B8-BC48-A553B569DF55}.Master|ARM.ActiveCfg = Master|ARM
		{13A45C13-3265-47B8-BC48-A553B569DF55}.Master|ARM.Build.0 = Master|ARM
		{13A45C13-3265-47B8-BC48-A553B569DF55}.Master|ARM.Deploy.0 = Master|ARM
		{13A45C13-3265-47B8-BC48-A553B569DF55}.Master|x64.ActiveCfg = Master|x64
		{13A45C13-3265-47B8-BC48-A553B569DF55}.Master|x64.Build.0 = Master|x64
		{13A45C13-3265-47B8-BC48-A553B569DF55}.Master|x64.Deploy.0 = Master|x64
		{13A45C13-3265-47B8-BC48-A553B569DF55}.Master|x86.ActiveCfg = Master|x86
		{13A45C13-3265-47B8-BC48-A553B569DF55}.Master|x86.Build.0 = Master|x86
		{13A45C13-3265-47B8-BC48-A553B569DF55}.Master|x86.Deploy.0 = Master|x86
		{13A45C13-3265-47B8-BC48-A553B569DF55}.Release|ARM.ActiveCfg = Release|ARM
		{13A45C13-3265-47B8-BC48-A553B569DF55}.Release|ARM.Build.0 = Release|ARM
		{13A45C13-3265-47B8-BC48-A553B569DF55}.Release|ARM.Deploy.0 = Release|ARM
		{13A45C13-3265-47B8-BC48-A553B569DF55}.Release|x64.ActiveCfg = Release|x64
		{13A45C13-3265-47B8-BC48-A553B569DF55}.Release|x64.Build.0 = Release|x64
		{13A45C13-3265-47B8-BC48-A553B569DF55}.Release|x64.Deploy.0 = Release|x64
		{13A45C13-3265-47B8-BC48-A553B569DF55}.Release|x86.ActiveCfg = Release|x86
		{13A45C13-3265-47B8-BC48-A553B569DF55}.Release|x86.Build.0 = Release|x86
		{13A45C13-3265-47B8-BC48-A553B569DF55}.Release|x86.Deploy.0 = Release|x86
		{d58a8e13-8586-4a41-9fb5-a9a05a865ace}.Debug|x86.ActiveCfg = Debug|x86
		{d58a8e13-8586-4a41-9fb5-a9a05a865ace}.Debug|x86.Build.0 = Debug|x86
		{d58a8e13-8586-4a41-9fb5-a9a05a865ace}.Release|x86.ActiveCfg = Release|x86
		{d58a8e13-8586-4a41-9fb5-a9a05a865ace}.Release|x86.Build.0 = Release|x86
		{d58a8e13-8586-4a41-9fb5-a9a05a865ace}.Master|x86.ActiveCfg = Master|x86
		{d58a8e13-8586-4a41-9fb5-a9a05a865ace}.Master|x86.Build.0 = Master|x86
		{d58a8e13-8586-4a41-9fb5-a9a05a865ace}.Debug|x64.ActiveCfg = Debug|x64
		{d58a8e13-8586-4a41-9fb5-a9a05a865ace}.Debug|x64.Build.0 = Debug|x64
		{d58a8e13-8586-4a41-9fb5-a9a05a865ace}.Release|x64.ActiveCfg = Release|x64
		{d58a8e13-8586-4a41-9fb5-a9a05a865ace}.Release|x64.Build.0 = Release|x64
		{d58a8e13-8586-4a41-9fb5-a9a05a865ace}.Master|x64.ActiveCfg = Master|x64
		{d58a8e13-8586-4a41-9fb5-a9a05a865ace}.Master|x64.Build.0 = Master|x64
		{d58a8e13-8586-4a41-9fb5-a9a05a865ace}.Debug|ARM.ActiveCfg = Debug|ARM
		{d58a8e13-8586-4a41-9fb5-a9a05a865ace}.Debug|ARM.Build.0 = Debug|ARM
		{d58a8e13-8586-4a41-9fb5-a9a05a865ace}.Release|ARM.ActiveCfg = Release|ARM
		{d58a8e13-8586-4a41-9fb5-a9a05a865ace}.Release|ARM.Build.0 = Release|ARM
		{d58a8e13-8586-4a41-9fb5-a9a05a865ace}.Master|ARM.ActiveCfg = Master|ARM
		{d58a8e13-8586-4a41-9fb5-a9a05a865ace}.Master|ARM.Build.0 = Master|ARM
		{ba038ceb-29ca-4d36-97a2-4be7cabb9799}.Debug|x86.ActiveCfg = Debug|x86
		{ba038ceb-29ca-4d36-97a2-4be7cabb9799}.Debug|x86.Build.0 = Debug|x86
		{ba038ceb-29ca-4d36-97a2-4be7cabb9799}.Release|x86.ActiveCfg = Release|x86
		{ba038ceb-29ca-4d36-97a2-4be7cabb9799}.Release|x86.Build.0 = Release|x86
		{ba038ceb-29ca-4d36-97a2-4be7cabb9799}.Master|x86.ActiveCfg = Master|x86
		{ba038ceb-29ca-4d36-97a2-4be7cabb9799}.Master|x86.Build.0 = Master|x86
		{ba038ceb-29ca-4d36-97a2-4be7cabb9799}.Debug|x64.ActiveCfg = Debug|x64
		{ba038ceb-29ca-4d36-97a2-4be7cabb9799}.Debug|x64.Build.0 = Debug|x64
		{ba038ceb-29ca-4d36-97a2-4be7cabb9799}.Release|x64.ActiveCfg = Release|x64
		{ba038ceb-29ca-4d36-97a2-4be7cabb9799}.Release|x64.Build.0 = Release|x64
		{ba038ceb-29ca-4d36-97a2-4be7cabb9799}.Master|x64.ActiveCfg = Master|x64
		{ba038ceb-29ca-4d36-97a2-4be7cabb9799}.Master|x64.Build.0 = Master|x64
		{ba038ceb-29ca-4d36-97a2-4be7cabb9799}.Debug|ARM.ActiveCfg = Debug|ARM
		{ba038ceb-29ca-4d36-97a2-4be7cabb9799}.Debug|ARM.Build.0 = Debug|ARM
		{ba038ceb-29ca-4d36-97a2-4be7cabb9799}.Release|ARM.ActiveCfg = Release|ARM
		{ba038ceb-29ca-4d36-97a2-4be7cabb9799}.Release|ARM.Build.0 = Release|ARM
		{ba038ceb-29ca-4d36-97a2-4be7cabb9799}.Master|ARM.ActiveCfg = Master|ARM
		{ba038ceb-29ca-4d36-97a2-4be7cabb9799}.Master|ARM.Build.0 = Master|ARM
		{02eba343-8acb-4db5-85d3-3f4fcfcc29aa}.Debug|x86.ActiveCfg = Debug|x86
		{02eba343-8acb-4db5-85d3-3f4fcfcc29aa}.Debug|x86.Build.0 = Debug|x86
		{02eba343-8acb-4db5-85d3-3f4fcfcc29aa}.Release|x86.ActiveCfg = Release|x86
		{02eba343-8acb-4db5-85d3-3f4fcfcc29aa}.Release|x86.Build.0 = Release|x86
		{02eba343-8acb-4db5-85d3-3f4fcfcc29aa}.Master|x86.ActiveCfg = Master|x86
		{02eba343-8acb-4db5-85d3-3f4fcfcc29aa}.Master|x86.Build.0 = Master|x86
		{02eba343-8acb-4db5-85d3-3f4fcfcc29aa}.Debug|x64.ActiveCfg = Debug|x64
		{02eba343-8acb-4db5-85d3-3f4fcfcc29aa}.Debug|x64.Build.0 = Debug|x64
		{02eba343-8acb-4db5-85d3-3f4fcfcc29aa}.Release|x64.ActiveCfg = Release|x64
		{02eba343-8acb-4db5-85d3-3f4fcfcc29aa}.Release|x64.Build.0 = Release|x64
		{02eba343-8acb-4db5-85d3-3f4fcfcc29aa}.Master|x64.ActiveCfg = Master|x64
		{02eba343-8acb-4db5-85d3-3f4fcfcc29aa}.Master|x64.Build.0 = Master|x64
		{02eba343-8acb-4db5-85d3-3f4fcfcc29aa}.Debug|ARM.ActiveCfg = Debug|ARM
		{02eba343-8acb-4db5-85d3-3f4fcfcc29aa}.Debug|ARM.Build.0 = Debug|ARM
		{02eba343-8acb-4db5-85d3-3f4fcfcc29aa}.Release|ARM.ActiveCfg = Release|ARM
		{02eba343-8acb-4db5-85d3-3f4fcfcc29aa}.Release|ARM.Build.0 = Release|ARM
		{02eba343-8acb-4db5-85d3-3f4fcfcc29aa}.Master|ARM.ActiveCfg = Master|ARM
		{02eba343-8acb-4db5-85d3-3f4fcfcc29aa}.Master|ARM.Build.0 = Master|ARM
		{d0a0a3f5-9f6c-4e09-b9f0-b5e212ddc1a0}.Debug|x86.ActiveCfg = Debug|x86
		{d0a0a3f5-9f6c-4e09-b9f0-b5e212ddc1a0}.Debug|x86.Build.0 = Debug|x86
		{d0a0a3f5-9f6c-4e09-b9f0-b5e212ddc1a0}.Release|x86.ActiveCfg = Release|x86
		{d0a0a3f5-9f6c-4e09-b9f0-b5e212ddc1a0}.Release|x86.Build.0 = Release|x86
		{d0a0a3f5-9f6c-4e09-b9f0-b5e212ddc1a0}.Master|x86.ActiveCfg = Master|x86
		{d0a0a3f5-9f6c-4e09-b9f0-b5e212ddc1a0}.Master|x86.Build.0 = Master|x86
		{d0a0a3f5-9f6c-4e09-b9f0-b5e212ddc1a0}.Debug|x64.ActiveCfg = Debug|x64
		{d0a0a3f5-9f6c-4e09-b9f0-b5e212ddc1a0}.Debug|x64.Build.0 = Debug|x64
		{d0a0a3f5-9f6c-4e09-b9f0-b5e212ddc1a0}.Release|x64.ActiveCfg = Release|x64
		{d0a0a3f5-9f6c-4e09-b9f0-b5e212ddc1a0}.Release|x64.Build.0 = Release|x64
		{d0a0a3f5-9f6c-4e09-b9f0-b5e212ddc1a0}.Master|x64.ActiveCfg = Master|x64
		{d0a0a3f5-9f6c-4e09-b9f0-b5e212ddc1a0}.Master|x64.Build.0 = Master|x64
		{d0a0a3f5-9f6c-4e09-b9f0-b5e212ddc1a0}.Debug|ARM.ActiveCfg = Debug|ARM
		{d0a0a3f5-9f6c-4e09-b9f0-b5e212ddc1a0}.Debug|ARM.Build.0 = Debug|ARM
		{d0a0a3f5-9f6c-4e09-b9f0-b5e212ddc1a0}.Release|ARM.ActiveCfg = Release|ARM
		{d0a0a3f5-9f6c-4e09-b9f0-b5e212ddc1a0}.Release|ARM.Build.0 = Release|ARM
		{d0a0a3f5-9f6c-4e09-b9f0-b5e212ddc1a0}.Master|ARM.ActiveCfg = Master|ARM
		{d0a0a3f5-9f6c-4e09-b9f0-b5e212ddc1a0}.Master|ARM.Build.0 = Master|ARM
		{c3e51680-bbdb-4c83-9db5-106469a27935}.Debug|x86.ActiveCfg = Debug|x86
		{c3e51680-bbdb-4c83-9db5-106469a27935}.Debug|x86.Build.0 = Debug|x86
		{c3e51680-bbdb-4c83-9db5-106469a27935}.Release|x86.ActiveCfg = Release|x86
		{c3e51680-bbdb-4c83-9db5-106469a27935}.Release|x86.Build.0 = Release|x86
		{c3e51680-bbdb-4c83-9db5-106469a27935}.Master|x86.ActiveCfg = Master|x86
		{c3e51680-bbdb-4c83-9db5-106469a27935}.Master|x86.Build.0 = Master|x86
		{c3e51680-bbdb-4c83-9db5-106469a27935}.Debug|x64.ActiveCfg = Debug|x64
		{c3e51680-bbdb-4c83-9db5-106469a27935}.Debug|x64.Build.0 = Debug|x64
		{c3e51680-bbdb-4c83-9db5-106469a27935}.Release|x64.ActiveCfg = Release|x64
		{c3e51680-bbdb-4c83-9db5-106469a27935}.Release|x64.Build.0 = Release|x64
		{c3e51680-bbdb-4c83-9db5-106469a27935}.Master|x64.ActiveCfg = Master|x64
		{c3e51680-bbdb-4c83-9db5-106469a27935}.Master|x64.Build.0 = Master|x64
		{c3e51680-bbdb-4c83-9db5-106469a27935}.Debug|ARM.ActiveCfg = Debug|ARM
		{c3e51680-bbdb-4c83-9db5-106469a27935}.Debug|ARM.Build.0 = Debug|ARM
		{c3e51680-bbdb-4c83-9db5-106469a27935}.Release|ARM.ActiveCfg = Release|ARM
		{c3e51680-bbdb-4c83-9db5-106469a27935}.Release|ARM.Build.0 = Release|ARM
		{c3e51680-bbdb-4c83-9db5-106469a27935}.Master|ARM.ActiveCfg = Master|ARM
		{c3e51680-bbdb-4c83-9db5-106469a27935}.Master|ARM.Build.0 = Master|ARM
		{91db5972-d99c-4983-a14b-e2790a855689}.Debug|x86.ActiveCfg = Debug|x86
		{91db5972-d99c-4983-a14b-e2790a855689}.Debug|x86.Build.0 = Debug|x86
		{91db5972-d99c-4983-a14b-e2790a855689}.Release|x86.ActiveCfg = Release|x86
		{91db5972-d99c-4983-a14b-e2790a855689}.Release|x86.Build.0 = Release|x86
		{91db5972-d99c-4983-a14b-e2790a855689}.Master|x86.ActiveCfg = Master|x86
		{91db5972-d99c-4983-a14b-e2790a855689}.Master|x86.Build.0 = Master|x86
		{91db5972-d99c-4983-a14b-e2790a855689}.Debug|x64.ActiveCfg = Debug|x64
		{91db5972-d99c-4983-a14b-e2790a855689}.Debug|x64.Build.0 = Debug|x64
		{91db5972-d99c-4983-a14b-e2790a855689}.Release|x64.ActiveCfg = Release|x64
		{91db5972-d99c-4983-a14b-e2790a855689}.Release|x64.Build.0 = Release|x64
		{91db5972-d99c-4983-a14b-e2790a855689}.Master|x64.ActiveCfg = Master|x64
		{91db5972-d99c-4983-a14b-e2790a855689}.Master|x64.Build.0 = Master|x64
		{91db5972-d99c-4983-a14b-e2790a855689}.Debug|ARM.ActiveCfg = Debug|ARM
		{91db5972-d99c-4983-a14b-e2790a855689}.Debug|ARM.Build.0 = Debug|ARM
		{91db5972-d99c-4983-a14b-e2790a855689}.Release|ARM.ActiveCfg = Release|ARM
		{91db5972-d99c-4983-a14b-e2790a855689}.Release|ARM.Build.0 = Release|ARM
		{91db5972-d99c-4983-a14b-e2790a855689}.Master|ARM.ActiveCfg = Master|ARM
		{91db5972-d99c-4983-a14b-e2790a855689}.Master|ARM.Build.0 = Master|ARM
		{0bd1613d-2cd3-4772-8181-4e277ebf4da6}.Debug|x86.ActiveCfg = Debug|x86
		{0bd1613d-2cd3-4772-8181-4e277ebf4da6}.Debug|x86.Build.0 = Debug|x86
		{0bd1613d-2cd3-4772-8181-4e277ebf4da6}.Release|x86.ActiveCfg = Release|x86
		{0bd1613d-2cd3-4772-8181-4e277ebf4da6}.Release|x86.Build.0 = Release|x86
		{0bd1613d-2cd3-4772-8181-4e277ebf4da6}.Master|x86.ActiveCfg = Master|x86
		{0bd1613d-2cd3-4772-8181-4e277ebf4da6}.Master|x86.Build.0 = Master|x86
		{0bd1613d-2cd3-4772-8181-4e277ebf4da6}.Debug|x64.ActiveCfg = Debug|x64
		{0bd1613d-2cd3-4772-8181-4e277ebf4da6}.Debug|x64.Build.0 = Debug|x64
		{0bd1613d-2cd3-4772-8181-4e277ebf4da6}.Release|x64.ActiveCfg = Release|x64
		{0bd1613d-2cd3-4772-8181-4e277ebf4da6}.Release|x64.Build.0 = Release|x64
		{0bd1613d-2cd3-4772-8181-4e277ebf4da6}.Master|x64.ActiveCfg = Master|x64
		{0bd1613d-2cd3-4772-8181-4e277ebf4da6}.Master|x64.Build.0 = Master|x64
		{0bd1613d-2cd3-4772-8181-4e277ebf4da6}.Debug|ARM.ActiveCfg = Debug|ARM
		{0bd1613d-2cd3-4772-8181-4e277ebf4da6}.Debug|ARM.Build.0 = Debug|ARM
		{0bd1613d-2cd3-4772-8181-4e277ebf4da6}.Release|ARM.ActiveCfg = Release|ARM
		{0bd1613d-2cd3-4772-8181-4e277ebf4da6}.Release|ARM.Build.0 = Release|ARM
		{0bd1613d-2cd3-4772-8181-4e277ebf4da6}.Master|ARM.ActiveCfg = Master|ARM
		{0bd1613d-2cd3-4772-8181-4e277ebf4da6}.Master|ARM.Build.0 = Master|ARM
		{70e139a6-39f0-4c1b-85a8-497887a02edf}.Debug|x86.ActiveCfg = Debug|x86
		{70e139a6-39f0-4c1b-85a8-497887a02edf}.Debug|x86.Build.0 = Debug|x86
		{70e139a6-39f0-4c1b-85a8-497887a02edf}.Release|x86.ActiveCfg = Release|x86
		{70e139a6-39f0-4c1b-85a8-497887a02edf}.Release|x86.Build.0 = Release|x86
		{70e139a6-39f0-4c1b-85a8-497887a02edf}.Master|x86.ActiveCfg = Master|x86
		{70e139a6-39f0-4c1b-85a8-497887a02edf}.Master|x86.Build.0 = Master|x86
		{70e139a6-39f0-4c1b-85a8-497887a02edf}.Debug|x64.ActiveCfg = Debug|x64
		{70e139a6-39f0-4c1b-85a8-497887a02edf}.Debug|x64.Build.0 = Debug|x64
		{70e139a6-39f0-4c1b-85a8-497887a02edf}.Release|x64.ActiveCfg = Release|x64
		{70e139a6-39f0-4c1b-85a8-497887a02edf}.Release|x64.Build.0 = Release|x64
		{70e139a6-39f0-4c1b-85a8-497887a02edf}.Master|x64.ActiveCfg = Master|x64
		{70e139a6-39f0-4c1b-85a8-497887a02edf}.Master|x64.Build.0 = Master|x64
		{70e139a6-39f0-4c1b-85a8-497887a02edf}.Debug|ARM.ActiveCfg = Debug|ARM
		{70e139a6-39f0-4c1b-85a8-497887a02edf}.Debug|ARM.Build.0 = Debug|ARM
		{70e139a6-39f0-4c1b-85a8-497887a02edf}.Release|ARM.ActiveCfg = Release|ARM
		{70e139a6-39f0-4c1b-85a8-497887a02edf}.Release|ARM.Build.0 = Release|ARM
		{70e139a6-39f0-4c1b-85a8-497887a02edf}.Master|ARM.ActiveCfg = Master|ARM
		{70e139a6-39f0-4c1b-85a8-497887a02edf}.Master|ARM.Build.0 = Master|ARM
		{65b34035-5610-4957-b977-eb0fb0eea28f}.Debug|x86.ActiveCfg = Debug|x86
		{65b34035-5610-4957-b977-eb0fb0eea28f}.Debug|x86.Build.0 = Debug|x86
		{65b34035-5610-4957-b977-eb0fb0eea28f}.Release|x86.ActiveCfg = Release|x86
		{65b34035-5610-4957-b977-eb0fb0eea28f}.Release|x86.Build.0 = Release|x86
		{65b34035-5610-4957-b977-eb0fb0eea28f}.Master|x86.ActiveCfg = Master|x86
		{65b34035-5610-4957-b977-eb0fb0eea28f}.Master|x86.Build.0 = Master|x86
		{65b34035-5610-4957-b977-eb0fb0eea28f}.Debug|x64.ActiveCfg = Debug|x64
		{65b34035-5610-4957-b977-eb0fb0eea28f}.Debug|x64.Build.0 = Debug|x64
		{65b34035-5610-4957-b977-eb0fb0eea28f}.Release|x64.ActiveCfg = Release|x64
		{65b34035-5610-4957-b977-eb0fb0eea28f}.Release|x64.Build.0 = Release|x64
		{65b34035-5610-4957-b977-eb0fb0eea28f}.Master|x64.ActiveCfg = Master|x64
		{65b34035-5610-4957-b977-eb0fb0eea28f}.Master|x64.Build.0 = Master|x64
		{65b34035-5610-4957-b977-eb0fb0eea28f}.Debug|ARM.ActiveCfg = Debug|ARM
		{65b34035-5610-4957-b977-eb0fb0eea28f}.Debug|ARM.Build.0 = Debug|ARM
		{65b34035-5610-4957-b977-eb0fb0eea28f}.Release|ARM.ActiveCfg = Release|ARM
		{65b34035-5610-4957-b977-eb0fb0eea28f}.Release|ARM.Build.0 = Release|ARM
		{65b34035-5610-4957-b977-eb0fb0eea28f}.Master|ARM.ActiveCfg = Master|ARM
		{65b34035-5610-4957-b977-eb0fb0eea28f}.Master|ARM.Build.0 = Master|ARM
		{ce8fdb8a-20a7-4d44-a9fe-243676c59131}.Debug|x86.ActiveCfg = Debug|x86
		{ce8fdb8a-20a7-4d44-a9fe-243676c59131}.Debug|x86.Build.0 = Debug|x86
		{ce8fdb8a-20a7-4d44-a9fe-243676c59131}.Release|x86.ActiveCfg = Release|x86
		{ce8fdb8a-20a7-4d44-a9fe-243676c59131}.Release|x86.Build.0 = Release|x86
		{ce8fdb8a-20a7-4d44-a9fe-243676c59131}.Master|x86.ActiveCfg = Master|x86
		{ce8fdb8a-20a7-4d44-a9fe-243676c59131}.Master|x86.Build.0 = Master|x86
		{ce8fdb8a-20a7-4d44-a9fe-243676c59131}.Debug|x64.ActiveCfg = Debug|x64
		{ce8fdb8a-20a7-4d44-a9fe-243676c59131}.Debug|x64.Build.0 = Debug|x64
		{ce8fdb8a-20a7-4d44-a9fe-243676c59131}.Release|x64.ActiveCfg = Release|x64
		{ce8fdb8a-20a7-4d44-a9fe-243676c59131}.Release|x64.Build.0 = Release|x64
		{ce8fdb8a-20a7-4d44-a9fe-243676c59131}.Master|x64.ActiveCfg = Master|x64
		{ce8fdb8a-20a7-4d44-a9fe-243676c59131}.Master|x64.Build.0 = Master|x64
		{ce8fdb8a-20a7-4d44-a9fe-243676c59131}.Debug|ARM.ActiveCfg = Debug|ARM
		{ce8fdb8a-20a7-4d44-a9fe-243676c59131}.Debug|ARM.Build.0 = Debug|ARM
		{ce8fdb8a-20a7-4d44-a9fe-243676c59131}.Release|ARM.ActiveCfg = Release|ARM
		{ce8fdb8a-20a7-4d44-a9fe-243676c59131}.Release|ARM.Build.0 = Release|ARM
		{ce8fdb8a-20a7-4d44-a9fe-243676c59131}.Master|ARM.ActiveCfg = Master|ARM
		{ce8fdb8a-20a7-4d44-a9fe-243676c59131}.Master|ARM.Build.0 = Master|ARM
		{8e825355-e0c1-4855-8c23-a12dc7d57435}.Debug|x86.ActiveCfg = Debug|x86
		{8e825355-e0c1-4855-8c23-a12dc7d57435}.Debug|x86.Build.0 = Debug|x86
		{8e825355-e0c1-4855-8c23-a12dc7d57435}.Release|x86.ActiveCfg = Release|x86
		{8e825355-e0c1-4855-8c23-a12dc7d57435}.Release|x86.Build.0 = Release|x86
		{8e825355-e0c1-4855-8c23-a12dc7d57435}.Master|x86.ActiveCfg = Master|x86
		{8e825355-e0c1-4855-8c23-a12dc7d57435}.Master|x86.Build.0 = Master|x86
		{8e825355-e0c1-4855-8c23-a12dc7d57435}.Debug|x64.ActiveCfg = Debug|x64
		{8e825355-e0c1-4855-8c23-a12dc7d57435}.Debug|x64.Build.0 = Debug|x64
		{8e825355-e0c1-4855-8c23-a12dc7d57435}.Release|x64.ActiveCfg = Release|x64
		{8e825355-e0c1-4855-8c23-a12dc7d57435}.Release|x64.Build.0 = Release|x64
		{8e825355-e0c1-4855-8c23-a12dc7d57435}.Master|x64.ActiveCfg = Master|x64
		{8e825355-e0c1-4855-8c23-a12dc7d57435}.Master|x64.Build.0 = Master|x64
		{8e825355-e0c1-4855-8c23-a12dc7d57435}.Debug|ARM.ActiveCfg = Debug|ARM
		{8e825355-e0c1-4855-8c23-a12dc7d57435}.Debug|ARM.Build.0 = Debug|ARM
		{8e825355-e0c1-4855-8c23-a12dc7d57435}.Release|ARM.ActiveCfg = Release|ARM
		{8e825355-e0c1-4855-8c23-a12dc7d57435}.Release|ARM.Build.0 = Release|ARM
		{8e825355-e0c1-4855-8c23-a12dc7d57435}.Master|ARM.ActiveCfg = Master|ARM
		{8e825355-e0c1-4855-8c23-a12dc7d57435}.Master|ARM.Build.0 = Master|ARM
		{d2f0da6d-4785-448b-b37d-c383660524d8}.Debug|x86.ActiveCfg = Debug|x86
		{d2f0da6d-4785-448b-b37d-c383660524d8}.Debug|x86.Build.0 = Debug|x86
		{d2f0da6d-4785-448b-b37d-c383660524d8}.Release|x86.ActiveCfg = Release|x86
		{d2f0da6d-4785-448b-b37d-c383660524d8}.Release|x86.Build.0 = Release|x86
		{d2f0da6d-4785-448b-b37d-c383660524d8}.Master|x86.ActiveCfg = Master|x86
		{d2f0da6d-4785-448b-b37d-c383660524d8}.Master|x86.Build.0 = Master|x86
		{d2f0da6d-4785-448b-b37d-c383660524d8}.Debug|x64.ActiveCfg = Debug|x64
		{d2f0da6d-4785-448b-b37d-c383660524d8}.Debug|x64.Build.0 = Debug|x64
		{d2f0da6d-4785-448b-b37d-c383660524d8}.Release|x64.ActiveCfg = Release|x64
		{d2f0da6d-4785-448b-b37d-c383660524d8}.Release|x64.Build.0 = Release|x64
		{d2f0da6d-4785-448b-b37d-c383660524d8}.Master|x64.ActiveCfg = Master|x64
		{d2f0da6d-4785-448b-b37d-c383660524d8}.Master|x64.Build.0 = Master|x64
		{d2f0da6d-4785-448b-b37d-c383660524d8}.Debug|ARM.ActiveCfg = Debug|ARM
		{d2f0da6d-4785-448b-b37d-c383660524d8}.Debug|ARM.Build.0 = Debug|ARM
		{d2f0da6d-4785-448b-b37d-c383660524d8}.Release|ARM.ActiveCfg = Release|ARM
		{d2f0da6d-4785-448b-b37d-c383660524d8}.Release|ARM.Build.0 = Release|ARM
		{d2f0da6d-4785-448b-b37d-c383660524d8}.Master|ARM.ActiveCfg = Master|ARM
		{d2f0da6d-4785-448b-b37d-c383660524d8}.Master|ARM.Build.0 = Master|ARM
		{e4b886d7-fad2-48f2-8841-26f7bff0f05d}.Debug|x86.ActiveCfg = Debug|x86
		{e4b886d7-fad2-48f2-8841-26f7bff0f05d}.Debug|x86.Build.0 = Debug|x86
		{e4b886d7-fad2-48f2-8841-26f7bff0f05d}.Release|x86.ActiveCfg = Release|x86
		{e4b886d7-fad2-48f2-8841-26f7bff0f05d}.Release|x86.Build.0 = Release|x86
		{e4b886d7-fad2-48f2-8841-26f7bff0f05d}.Master|x86.ActiveCfg = Master|x86
		{e4b886d7-fad2-48f2-8841-26f7bff0f05d}.Master|x86.Build.0 = Master|x86
		{e4b886d7-fad2-48f2-8841-26f7bff0f05d}.Debug|x64.ActiveCfg = Debug|x64
		{e4b886d7-fad2-48f2-8841-26f7bff0f05d}.Debug|x64.Build.0 = Debug|x64
		{e4b886d7-fad2-48f2-8841-26f7bff0f05d}.Release|x64.ActiveCfg = Release|x64
		{e4b886d7-fad2-48f2-8841-26f7bff0f05d}.Release|x64.Build.0 = Release|x64
		{e4b886d7-fad2-48f2-8841-26f7bff0f05d}.Master|x64.ActiveCfg = Master|x64
		{e4b886d7-fad2-48f2-8841-26f7bff0f05d}.Master|x64.Build.0 = Master|x64
		{e4b886d7-fad2-48f2-8841-26f7bff0f05d}.Debug|ARM.ActiveCfg = Debug|ARM
		{e4b886d7-fad2-48f2-8841-26f7bff0f05d}.Debug|ARM.Build.0 = Debug|ARM
		{e4b886d7-fad2-48f2-8841-26f7bff0f05d}.Release|ARM.ActiveCfg = Release|ARM
		{e4b886d7-fad2-48f2-8841-26f7bff0f05d}.Release|ARM.Build.0 = Release|ARM
		{e4b886d7-fad2-48f2-8841-26f7bff0f05d}.Master|ARM.ActiveCfg = Master|ARM
		{e4b886d7-fad2-48f2-8841-26f7bff0f05d}.Master|ARM.Build.0 = Master|ARM
		{50200809-e033-4bf6-83c0-446d2c117727}.Debug|x86.ActiveCfg = Debug|x86
		{50200809-e033-4bf6-83c0-446d2c117727}.Debug|x86.Build.0 = Debug|x86
		{50200809-e033-4bf6-83c0-446d2c117727}.Release|x86.ActiveCfg = Release|x86
		{50200809-e033-4bf6-83c0-446d2c117727}.Release|x86.Build.0 = Release|x86
		{50200809-e033-4bf6-83c0-446d2c117727}.Master|x86.ActiveCfg = Master|x86
		{50200809-e033-4bf6-83c0-446d2c117727}.Master|x86.Build.0 = Master|x86
		{50200809-e033-4bf6-83c0-446d2c117727}.Debug|x64.ActiveCfg = Debug|x64
		{50200809-e033-4bf6-83c0-446d2c117727}.Debug|x64.Build.0 = Debug|x64
		{50200809-e033-4bf6-83c0-446d2c117727}.Release|x64.ActiveCfg = Release|x64
		{50200809-e033-4bf6-83c0-446d2c117727}.Release|x64.Build.0 = Release|x64
		{50200809-e033-4bf6-83c0-446d2c117727}.Master|x64.ActiveCfg = Master|x64
		{50200809-e033-4bf6-83c0-446d2c117727}.Master|x64.Build.0 = Master|x64
		{50200809-e033-4bf6-83c0-446d2c117727}.Debug|ARM.ActiveCfg = Debug|ARM
		{50200809-e033-4bf6-83c0-446d2c117727}.Debug|ARM.Build.0 = Debug|ARM
		{50200809-e033-4bf6-83c0-446d2c117727}.Release|ARM.ActiveCfg = Release|ARM
		{50200809-e033-4bf6-83c0-446d2c117727}.Release|ARM.Build.0 = Release|ARM
		{50200809-e033-4bf6-83c0-446d2c117727}.Master|ARM.ActiveCfg = Master|ARM
		{50200809-e033-4bf6-83c0-446d2c117727}.Master|ARM.Build.0 = Master|ARM
		{8446fd9e-4991-4c3f-9da6-c7afaa17513d}.Debug|x86.ActiveCfg = Debug|x86
		{8446fd9e-4991-4c3f-9da6-c7afaa17513d}.Debug|x86.Build.0 = Debug|x86
		{8446fd9e-4991-4c3f-9da6-c7afaa17513d}.Release|x86.ActiveCfg = Release|x86
		{8446fd9e-4991-4c3f-9da6-c7afaa17513d}.Release|x86.Build.0 = Release|x86
		{8446fd9e-4991-4c3f-9da6-c7afaa17513d}.Master|x86.ActiveCfg = Master|x86
		{8446fd9e-4991-4c3f-9da6-c7afaa17513d}.Master|x86.Build.0 = Master|x86
		{8446fd9e-4991-4c3f-9da6-c7afaa17513d}.Debug|x64.ActiveCfg = Debug|x64
		{8446fd9e-4991-4c3f-9da6-c7afaa17513d}.Debug|x64.Build.0 = Debug|x64
		{8446fd9e-4991-4c3f-9da6-c7afaa17513d}.Release|x64.ActiveCfg = Release|x64
		{8446fd9e-4991-4c3f-9da6-c7afaa17513d}.Release|x64.Build.0 = Release|x64
		{8446fd9e-4991-4c3f-9da6-c7afaa17513d}.Master|x64.ActiveCfg = Master|x64
		{8446fd9e-4991-4c3f-9da6-c7afaa17513d}.Master|x64.Build.0 = Master|x64
		{8446fd9e-4991-4c3f-9da6-c7afaa17513d}.Debug|ARM.ActiveCfg = Debug|ARM
		{8446fd9e-4991-4c3f-9da6-c7afaa17513d}.Debug|ARM.Build.0 = Debug|ARM
		{8446fd9e-4991-4c3f-9da6-c7afaa17513d}.Release|ARM.ActiveCfg = Release|ARM
		{8446fd9e-4991-4c3f-9da6-c7afaa17513d}.Release|ARM.Build.0 = Release|ARM
		{8446fd9e-4991-4c3f-9da6-c7afaa17513d}.Master|ARM.ActiveCfg = Master|ARM
		{8446fd9e-4991-4c3f-9da6-c7afaa17513d}.Master|ARM.Build.0 = Master|ARM
		{d35391e2-7b4f-45f9-a5ad-49479919b365}.Debug|x86.ActiveCfg = Debug|x86
		{d35391e2-7b4f-45f9-a5ad-49479919b365}.Debug|x86.Build.0 = Debug|x86
		{d35391e2-7b4f-45f9-a5ad-49479919b365}.Release|x86.ActiveCfg = Release|x86
		{d35391e2-7b4f-45f9-a5ad-49479919b365}.Release|x86.Build.0 = Release|x86
		{d35391e2-7b4f-45f9-a5ad-49479919b365}.Master|x86.ActiveCfg = Master|x86
		{d35391e2-7b4f-45f9-a5ad-49479919b365}.Master|x86.Build.0 = Master|x86
		{d35391e2-7b4f-45f9-a5ad-49479919b365}.Debug|x64.ActiveCfg = Debug|x64
		{d35391e2-7b4f-45f9-a5ad-49479919b365}.Debug|x64.Build.0 = Debug|x64
		{d35391e2-7b4f-45f9-a5ad-49479919b365}.Release|x64.ActiveCfg = Release|x64
		{d35391e2-7b4f-45f9-a5ad-49479919b365}.Release|x64.Build.0 = Release|x64
		{d35391e2-7b4f-45f9-a5ad-49479919b365}.Master|x64.ActiveCfg = Master|x64
		{d35391e2-7b4f-45f9-a5ad-49479919b365}.Master|x64.Build.0 = Master|x64
		{d35391e2-7b4f-45f9-a5ad-49479919b365}.Debug|ARM.ActiveCfg = Debug|ARM
		{d35391e2-7b4f-45f9-a5ad-49479919b365}.Debug|ARM.Build.0 = Debug|ARM
		{d35391e2-7b4f-45f9-a5ad-49479919b365}.Release|ARM.ActiveCfg = Release|ARM
		{d35391e2-7b4f-45f9-a5ad-49479919b365}.Release|ARM.Build.0 = Release|ARM
		{d35391e2-7b4f-45f9-a5ad-49479919b365}.Master|ARM.ActiveCfg = Master|ARM
		{d35391e2-7b4f-45f9-a5ad-49479919b365}.Master|ARM.Build.0 = Master|ARM
		{e2e951b5-4054-494b-950b-f04fbc1c3ae9}.Debug|x86.ActiveCfg = Debug|x86
		{e2e951b5-4054-494b-950b-f04fbc1c3ae9}.Debug|x86.Build.0 = Debug|x86
		{e2e951b5-4054-494b-950b-f04fbc1c3ae9}.Release|x86.ActiveCfg = Release|x86
		{e2e951b5-4054-494b-950b-f04fbc1c3ae9}.Release|x86.Build.0 = Release|x86
		{e2e951b5-4054-494b-950b-f04fbc1c3ae9}.Master|x86.ActiveCfg = Master|x86
		{e2e951b5-4054-494b-950b-f04fbc1c3ae9}.Master|x86.Build.0 = Master|x86
		{e2e951b5-4054-494b-950b-f04fbc1c3ae9}.Debug|x64.ActiveCfg = Debug|x64
		{e2e951b5-4054-494b-950b-f04fbc1c3ae9}.Debug|x64.Build.0 = Debug|x64
		{e2e951b5-4054-494b-950b-f04fbc1c3ae9}.Release|x64.ActiveCfg = Release|x64
		{e2e951b5-4054-494b-950b-f04fbc1c3ae9}.Release|x64.Build.0 = Release|x64
		{e2e951b5-4054-494b-950b-f04fbc1c3ae9}.Master|x64.ActiveCfg = Master|x64
		{e2e951b5-4054-494b-950b-f04fbc1c3ae9}.Master|x64.Build.0 = Master|x64
		{e2e951b5-4054-494b-950b-f04fbc1c3ae9}.Debug|ARM.ActiveCfg = Debug|ARM
		{e2e951b5-4054-494b-950b-f04fbc1c3ae9}.Debug|ARM.Build.0 = Debug|ARM
		{e2e951b5-4054-494b-950b-f04fbc1c3ae9}.Release|ARM.ActiveCfg = Release|ARM
		{e2e951b5-4054-494b-950b-f04fbc1c3ae9}.Release|ARM.Build.0 = Release|ARM
		{e2e951b5-4054-494b-950b-f04fbc1c3ae9}.Master|ARM.ActiveCfg = Master|ARM
		{e2e951b5-4054-494b-950b-f04fbc1c3ae9}.Master|ARM.Build.0 = Master|ARM
		{d67727f4-6503-45eb-886e-0b3987dd7476}.Debug|x86.ActiveCfg = Debug|x86
		{d67727f4-6503-45eb-886e-0b3987dd7476}.Debug|x86.Build.0 = Debug|x86
		{d67727f4-6503-45eb-886e-0b3987dd7476}.Release|x86.ActiveCfg = Release|x86
		{d67727f4-6503-45eb-886e-0b3987dd7476}.Release|x86.Build.0 = Release|x86
		{d67727f4-6503-45eb-886e-0b3987dd7476}.Master|x86.ActiveCfg = Master|x86
		{d67727f4-6503-45eb-886e-0b3987dd7476}.Master|x86.Build.0 = Master|x86
		{d67727f4-6503-45eb-886e-0b3987dd7476}.Debug|x64.ActiveCfg = Debug|x64
		{d67727f4-6503-45eb-886e-0b3987dd7476}.Debug|x64.Build.0 = Debug|x64
		{d67727f4-6503-45eb-886e-0b3987dd7476}.Release|x64.ActiveCfg = Release|x64
		{d67727f4-6503-45eb-886e-0b3987dd7476}.Release|x64.Build.0 = Release|x64
		{d67727f4-6503-45eb-886e-0b3987dd7476}.Master|x64.ActiveCfg = Master|x64
		{d67727f4-6503-45eb-886e-0b3987dd7476}.Master|x64.Build.0 = Master|x64
		{d67727f4-6503-45eb-886e-0b3987dd7476}.Debug|ARM.ActiveCfg = Debug|ARM
		{d67727f4-6503-45eb-886e-0b3987dd7476}.Debug|ARM.Build.0 = Debug|ARM
		{d67727f4-6503-45eb-886e-0b3987dd7476}.Release|ARM.ActiveCfg = Release|ARM
		{d67727f4-6503-45eb-886e-0b3987dd7476}.Release|ARM.Build.0 = Release|ARM
		{d67727f4-6503-45eb-886e-0b3987dd7476}.Master|ARM.ActiveCfg = Master|ARM
		{d67727f4-6503-45eb-886e-0b3987dd7476}.Master|ARM.Build.0 = Master|ARM
		{af919705-061f-4205-9b7d-9e743bd90e00}.Debug|x86.ActiveCfg = Debug|x86
		{af919705-061f-4205-9b7d-9e743bd90e00}.Debug|x86.Build.0 = Debug|x86
		{af919705-061f-4205-9b7d-9e743bd90e00}.Release|x86.ActiveCfg = Release|x86
		{af919705-061f-4205-9b7d-9e743bd90e00}.Release|x86.Build.0 = Release|x86
		{af919705-061f-4205-9b7d-9e743bd90e00}.Master|x86.ActiveCfg = Master|x86
		{af919705-061f-4205-9b7d-9e743bd90e00}.Master|x86.Build.0 = Master|x86
		{af919705-061f-4205-9b7d-9e743bd90e00}.Debug|x64.ActiveCfg = Debug|x64
		{af919705-061f-4205-9b7d-9e743bd90e00}.Debug|x64.Build.0 = Debug|x64
		{af919705-061f-4205-9b7d-9e743bd90e00}.Release|x64.ActiveCfg = Release|x64
		{af919705-061f-4205-9b7d-9e743bd90e00}.Release|x64.Build.0 = Release|x64
		{af919705-061f-4205-9b7d-9e743bd90e00}.Master|x64.ActiveCfg = Master|x64
		{af919705-061f-4205-9b7d-9e743bd90e00}.Master|x64.Build.0 = Master|x64
		{af919705-061f-4205-9b7d-9e743bd90e00}.Debug|ARM.ActiveCfg = Debug|ARM
		{af919705-061f-4205-9b7d-9e743bd90e00}.Debug|ARM.Build.0 = Debug|ARM
		{af919705-061f-4205-9b7d-9e743bd90e00}.Release|ARM.ActiveCfg = Release|ARM
		{af919705-061f-4205-9b7d-9e743bd90e00}.Release|ARM.Build.0 = Release|ARM
		{af919705-061f-4205-9b7d-9e743bd90e00}.Master|ARM.ActiveCfg = Master|ARM
		{af919705-061f-4205-9b7d-9e743bd90e00}.Master|ARM.Build.0 = Master|ARM
		{4e6f47aa-ddf9-4413-aa5a-6e52f1b56b9d}.Debug|x86.ActiveCfg = Debug|x86
		{4e6f47aa-ddf9-4413-aa5a-6e52f1b56b9d}.Debug|x86.Build.0 = Debug|x86
		{4e6f47aa-ddf9-4413-aa5a-6e52f1b56b9d}.Release|x86.ActiveCfg = Release|x86
		{4e6f47aa-ddf9-4413-aa5a-6e52f1b56b9d}.Release|x86.Build.0 = Release|x86
		{4e6f47aa-ddf9-4413-aa5a-6e52f1b56b9d}.Master|x86.ActiveCfg = Master|x86
		{4e6f47aa-ddf9-4413-aa5a-6e52f1b56b9d}.Master|x86.Build.0 = Master|x86
		{4e6f47aa-ddf9-4413-aa5a-6e52f1b56b9d}.Debug|x64.ActiveCfg = Debug|x64
		{4e6f47aa-ddf9-4413-aa5a-6e52f1b56b9d}.Debug|x64.Build.0 = Debug|x64
		{4e6f47aa-ddf9-4413-aa5a-6e52f1b56b9d}.Release|x64.ActiveCfg = Release|x64
		{4e6f47aa-ddf9-4413-aa5a-6e52f1b56b9d}.Release|x64.Build.0 = Release|x64
		{4e6f47aa-ddf9-4413-aa5a-6e52f1b56b9d}.Master|x64.ActiveCfg = Master|x64
		{4e6f47aa-ddf9-4413-aa5a-6e52f1b56b9d}.Master|x64.Build.0 = Master|x64
		{4e6f47aa-ddf9-4413-aa5a-6e52f1b56b9d}.Debug|ARM.ActiveCfg = Debug|ARM
		{4e6f47aa-ddf9-4413-aa5a-6e52f1b56b9d}.Debug|ARM.Build.0 = Debug|ARM
		{4e6f47aa-ddf9-4413-aa5a-6e52f1b56b9d}.Release|ARM.ActiveCfg = Release|ARM
		{4e6f47aa-ddf9-4413-aa5a-6e52f1b56b9d}.Release|ARM.Build.0 = Release|ARM
		{4e6f47aa-ddf9-4413-aa5a-6e52f1b56b9d}.Master|ARM.ActiveCfg = Master|ARM
		{4e6f47aa-ddf9-4413-aa5a-6e52f1b56b9d}.Master|ARM.Build.0 = Master|ARM
		{ef08c373-ff85-44d0-985d-1d653e987e7f}.Debug|x86.ActiveCfg = Debug|x86
		{ef08c373-ff85-44d0-985d-1d653e987e7f}.Debug|x86.Build.0 = Debug|x86
		{ef08c373-ff85-44d0-985d-1d653e987e7f}.Release|x86.ActiveCfg = Release|x86
		{ef08c373-ff85-44d0-985d-1d653e987e7f}.Release|x86.Build.0 = Release|x86
		{ef08c373-ff85-44d0-985d-1d653e987e7f}.Master|x86.ActiveCfg = Master|x86
		{ef08c373-ff85-44d0-985d-1d653e987e7f}.Master|x86.Build.0 = Master|x86
		{ef08c373-ff85-44d0-985d-1d653e987e7f}.Debug|x64.ActiveCfg = Debug|x64
		{ef08c373-ff85-44d0-985d-1d653e987e7f}.Debug|x64.Build.0 = Debug|x64
		{ef08c373-ff85-44d0-985d-1d653e987e7f}.Release|x64.ActiveCfg = Release|x64
		{ef08c373-ff85-44d0-985d-1d653e987e7f}.Release|x64.Build.0 = Release|x64
		{ef08c373-ff85-44d0-985d-1d653e987e7f}.Master|x64.ActiveCfg = Master|x64
		{ef08c373-ff85-44d0-985d-1d653e987e7f}.Master|x64.Build.0 = Master|x64
		{ef08c373-ff85-44d0-985d-1d653e987e7f}.Debug|ARM.ActiveCfg = Debug|ARM
		{ef08c373-ff85-44d0-985d-1d653e987e7f}.Debug|ARM.Build.0 = Debug|ARM
		{ef08c373-ff85-44d0-985d-1d653e987e7f}.Release|ARM.ActiveCfg = Release|ARM
		{ef08c373-ff85-44d0-985d-1d653e987e7f}.Release|ARM.Build.0 = Release|ARM
		{ef08c373-ff85-44d0-985d-1d653e987e7f}.Master|ARM.ActiveCfg = Master|ARM
		{ef08c373-ff85-44d0-985d-1d653e987e7f}.Master|ARM.Build.0 = Master|ARM
		{a3c743de-1ada-4571-ab52-6f81262d24de}.Debug|x86.ActiveCfg = Debug|x86
		{a3c743de-1ada-4571-ab52-6f81262d24de}.Debug|x86.Build.0 = Debug|x86
		{a3c743de-1ada-4571-ab52-6f81262d24de}.Release|x86.ActiveCfg = Release|x86
		{a3c743de-1ada-4571-ab52-6f81262d24de}.Release|x86.Build.0 = Release|x86
		{a3c743de-1ada-4571-ab52-6f81262d24de}.Master|x86.ActiveCfg = Master|x86
		{a3c743de-1ada-4571-ab52-6f81262d24de}.Master|x86.Build.0 = Master|x86
		{a3c743de-1ada-4571-ab52-6f81262d24de}.Debug|x64.ActiveCfg = Debug|x64
		{a3c743de-1ada-4571-ab52-6f81262d24de}.Debug|x64.Build.0 = Debug|x64
		{a3c743de-1ada-4571-ab52-6f81262d24de}.Release|x64.ActiveCfg = Release|x64
		{a3c743de-1ada-4571-ab52-6f81262d24de}.Release|x64.Build.0 = Release|x64
		{a3c743de-1ada-4571-ab52-6f81262d24de}.Master|x64.ActiveCfg = Master|x64
		{a3c743de-1ada-4571-ab52-6f81262d24de}.Master|x64.Build.0 = Master|x64
		{a3c743de-1ada-4571-ab52-6f81262d24de}.Debug|ARM.ActiveCfg = Debug|ARM
		{a3c743de-1ada-4571-ab52-6f81262d24de}.Debug|ARM.Build.0 = Debug|ARM
		{a3c743de-1ada-4571-ab52-6f81262d24de}.Release|ARM.ActiveCfg = Release|ARM
		{a3c743de-1ada-4571-ab52-6f81262d24de}.Release|ARM.Build.0 = Release|ARM
		{a3c743de-1ada-4571-ab52-6f81262d24de}.Master|ARM.ActiveCfg = Master|ARM
		{a3c743de-1ada-4571-ab52-6f81262d24de}.Master|ARM.Build.0 = Master|ARM
 EndGlobalSection
	GlobalSection(SolutionProperties) = preSolution
		HideSolutionNode = FALSE
	EndGlobalSection
EndGlobal
